Microsoft Visual Studio Solution File, Format Version 12.00
# Visual Studio 14
VisualStudioVersion = 14.0.25420.1
MinimumVisualStudioVersion = 10.0.40219.1
Project("{FAE04EC0-301F-11D3-BF4B-00C04F79EFBC}") = "TravelAgency.BLL", "BLL\TravelAgency.BLL.csproj", "{38D7AA58-C95B-449B-86C6-A8073A56E11F}"
EndProject
Project("{FAE04EC0-301F-11D3-BF4B-00C04F79EFBC}") = "TravelAgency.Model", "Model\TravelAgency.Model.csproj", "{53995DBB-9836-4647-AD22-865884FDEB9E}"
EndProject
Project("{FAE04EC0-301F-11D3-BF4B-00C04F79EFBC}") = "TravelAgency.DAL", "DAL\TravelAgency.DAL.csproj", "{9FE00521-3A8B-42B1-814E-585E99407B2E}"
EndProject
Project("{FAE04EC0-301F-11D3-BF4B-00C04F79EFBC}") = "TravelAgency.DBUtility", "DBUtility\TravelAgency.DBUtility.csproj", "{0988C62E-247F-471F-A183-DB509C7A3839}"
EndProject
Project("{FAE04EC0-301F-11D3-BF4B-00C04F79EFBC}") = "TravelAgency.Common", "Common\TravelAgency.Common.csproj", "{E3D8759A-C5EB-402D-9F10-F5C6029A8D1A}"
EndProject
Project("{2150E333-8FDC-42A3-9474-1A3956D46DE8}") = "Demos", "Demos", "{3F9A535C-0513-451F-92D3-58D71E4A8A6A}"
EndProject
Project("{FAE04EC0-301F-11D3-BF4B-00C04F79EFBC}") = "QRCodeDemo", "QRCodeDemo\QRCodeDemo.csproj", "{8D113D60-BB45-4D8E-8617-4ADC2EEF42CF}"
EndProject
Project("{FAE04EC0-301F-11D3-BF4B-00C04F79EFBC}") = "QRCodeWinform", "QRCodeWinform\QRCodeWinform.csproj", "{A48644E7-B6D8-4DEC-89E6-445638722695}"
EndProject
Project("{FAE04EC0-301F-11D3-BF4B-00C04F79EFBC}") = "TWQRCode", "TWQRCode\TWQRCode.csproj", "{AD00E387-E07F-49AF-8C36-CEB282BB61E7}"
EndProject
Project("{FAE04EC0-301F-11D3-BF4B-00C04F79EFBC}") = "InputDectectionDemo", "InputDectectionDemo\InputDectectionDemo.csproj", "{8C19927D-A1B6-49B8-82A6-6C2FD7D7A037}"
EndProject
Project("{FAE04EC0-301F-11D3-BF4B-00C04F79EFBC}") = "CtrlsDemos", "CtrlsDemos\CtrlsDemos.csproj", "{3D88C54B-7123-49DD-ACCC-A8B70AE111B2}"
EndProject
Project("{FAE04EC0-301F-11D3-BF4B-00C04F79EFBC}") = "ExcelDemo", "ExcelDemo\ExcelDemo.csproj", "{CA4B5748-7DD1-4D0B-98E6-A19D51844F36}"
EndProject
Project("{FAE04EC0-301F-11D3-BF4B-00C04F79EFBC}") = "DgvMergeDemo", "DgvMergeDemo\DgvMergeDemo.csproj", "{981FA098-D3D3-4315-8F56-2593C46545C4}"
EndProject
Project("{FAE04EC0-301F-11D3-BF4B-00C04F79EFBC}") = "DateTimeFormatDemo", "DateTimeFormatDemo\DateTimeFormatDemo.csproj", "{31681C9E-4B0D-432D-912E-B9C2953C8A70}"
EndProject
Project("{FAE04EC0-301F-11D3-BF4B-00C04F79EFBC}") = "PinyinDemo", "PinyinDemo\PinyinDemo.csproj", "{410DDBC9-6C2E-4D0B-BEC3-349608EA7954}"
EndProject
Project("{FAE04EC0-301F-11D3-BF4B-00C04F79EFBC}") = "backgroundWorkerDemo", "backgroundWorkerDemo\backgroundWorkerDemo.csproj", "{F9A0B3B1-C7F9-4617-819F-04AA3B3DDE71}"
EndProject
Project("{FAE04EC0-301F-11D3-BF4B-00C04F79EFBC}") = "TelerikDemo", "TelerikDemo\TelerikDemo.csproj", "{B21EDFDC-CBC2-4F49-8A77-CFFBD35687AB}"
EndProject
Project("{FAE04EC0-301F-11D3-BF4B-00C04F79EFBC}") = "GetCharNum", "GetCharNum\GetCharNum.csproj", "{C30D12F5-705D-40E6-9285-BA0E32383176}"
EndProject
Project("{FAE04EC0-301F-11D3-BF4B-00C04F79EFBC}") = "FTPDemo", "FTPDemo\FTPDemo.csproj", "{E499E847-718B-4191-B5C3-38F5E721D054}"
EndProject
Project("{FAE04EC0-301F-11D3-BF4B-00C04F79EFBC}") = "DocXDemo", "DocXDemo\DocXDemo.csproj", "{6790B4EE-D680-4D7A-92E3-B000877D9343}"
EndProject
Project("{FAE04EC0-301F-11D3-BF4B-00C04F79EFBC}") = "TravelAgency.AutoUpdate", "TravelAgency.AutoUpdate\TravelAgency.AutoUpdate.csproj", "{F38D6E57-152D-4E66-B201-8CC81E6612A6}"
EndProject
Project("{FAE04EC0-301F-11D3-BF4B-00C04F79EFBC}") = "TravelAgency.CSUI", "TravelAgency.CSUI\TravelAgency.CSUI.csproj", "{3FE063B6-57A1-4890-98CF-C23811BCBDD9}"
EndProject
Project("{FAE04EC0-301F-11D3-BF4B-00C04F79EFBC}") = "TravelAgency.CSUITests", "TravelAgency.CSUITests\TravelAgency.CSUITests.csproj", "{79A1865C-C4B5-4C69-A007-F5F7560F6FB3}"
EndProject
Project("{FAE04EC0-301F-11D3-BF4B-00C04F79EFBC}") = "TravelAgency.CommonTests", "TravelAgency.CommonTests\TravelAgency.CommonTests.csproj", "{F5760D17-0D8F-41FA-926C-8FC73571636A}"
EndProject
Project("{FAE04EC0-301F-11D3-BF4B-00C04F79EFBC}") = "TelrikGridViewDemo", "TelrikGridViewDemo\TelrikGridViewDemo.csproj", "{CC17DE09-923F-40F1-800F-B267F4A980A1}"
EndProject
Project("{FAE04EC0-301F-11D3-BF4B-00C04F79EFBC}") = "TravelAgency.DALTests", "TravelAgency.DALTests\TravelAgency.DALTests.csproj", "{7E912ABA-B45E-49C5-B3FC-5B22A5401B60}"
EndProject
Project("{FAE04EC0-301F-11D3-BF4B-00C04F79EFBC}") = "dgvAutoWrapTextDemo", "dgvAutoWrapTextDemo\dgvAutoWrapTextDemo.csproj", "{4A54B17D-EB70-4BB1-BCE4-33D7083DAC31}"
EndProject
Project("{FAE04EC0-301F-11D3-BF4B-00C04F79EFBC}") = "ThumbMaker", "ThumbMaker\ThumbMaker.csproj", "{884508CC-987E-4CAC-8A66-7A48463D3947}"
EndProject
Project("{FAE04EC0-301F-11D3-BF4B-00C04F79EFBC}") = "TravelAgency.BLLTests", "TravelAgency.BLLTests\TravelAgency.BLLTests.csproj", "{A4DDFD4F-B210-48DE-B323-03C89DC3BFF7}"
EndProject
Project("{FAE04EC0-301F-11D3-BF4B-00C04F79EFBC}") = "TestRecognition", "TestRecognition\TestRecognition.csproj", "{D8352878-48DF-4E71-996B-7D5E51199ED4}"
EndProject
Project("{2150E333-8FDC-42A3-9474-1A3956D46DE8}") = "Tests", "Tests", "{992E4164-7D34-4532-B4A5-5C98B1C806CE}"
EndProject
Project("{FAE04EC0-301F-11D3-BF4B-00C04F79EFBC}") = "DatabaseUpdateTools", "DatabaseUpdateTools\DatabaseUpdateTools.csproj", "{8E0FD5C8-5DCA-4559-940D-C1C8325A36C6}"
EndProject
Project("{FAE04EC0-301F-11D3-BF4B-00C04F79EFBC}") = "DoCmd", "DoCmd\DoCmd.csproj", "{CA8FFD95-DBF8-47AD-B2A7-EB5329D82BCF}"
EndProject
Project("{FAE04EC0-301F-11D3-BF4B-00C04F79EFBC}") = "MongoDBDemo", "MongoDBDemo\MongoDBDemo.csproj", "{616D50C9-BB95-4953-846F-C1EC1491307E}"
EndProject
Project("{FAE04EC0-301F-11D3-BF4B-00C04F79EFBC}") = "TravelAgency.OrdersManagement", "TravelAgency.OrdersManagement\TravelAgency.OrdersManagement.csproj", "{767CA2F9-93BF-474D-B6BA-E97A03A8DDF9}"
EndProject
Project("{FAE04EC0-301F-11D3-BF4B-00C04F79EFBC}") = "TravelAgency.OrdersManagement.AutoUpdate", "TravelAgency.OrdersManagement.AutoUpdate\TravelAgency.OrdersManagement.AutoUpdate.csproj", "{118E5BFC-B56F-430B-AC70-D7F9AFF6B760}"
EndProject
Project("{FAE04EC0-301F-11D3-BF4B-00C04F79EFBC}") = "TravelAgency.ModelTests", "TravelAgency.ModelTests\TravelAgency.ModelTests.csproj", "{72DD3FC3-494C-429C-A299-11EDBF6FACAF}"
EndProject
Project("{FAE04EC0-301F-11D3-BF4B-00C04F79EFBC}") = "RedisDemo", "RedisDemo\RedisDemo.csproj", "{83A9EAC4-9552-47F2-BF62-DBFD1B5A3C4F}"
EndProject
Project("{FAE04EC0-301F-11D3-BF4B-00C04F79EFBC}") = "HProseFileTransferClient", "HProseFileTransferClient\HProseFileTransferClient.csproj", "{F5A0CFAA-C9A5-4BDA-9D65-951FFC9AE2D6}"
EndProject
Project("{FAE04EC0-301F-11D3-BF4B-00C04F79EFBC}") = "HProseFileTransferServer", "HProseFileTransferServer\HProseFileTransferServer.csproj", "{F3A8E9AA-EF2B-4BAE-8AF2-9257DA71B703}"
EndProject
Project("{FAE04EC0-301F-11D3-BF4B-00C04F79EFBC}") = "HProseFileTransferUIClient", "HProseFileTransferUIClient\HProseFileTransferUIClient.csproj", "{50040FF9-7194-4A95-B673-78F29B8BF4B5}"
EndProject
Project("{FAE04EC0-301F-11D3-BF4B-00C04F79EFBC}") = "DatabaseStressTest", "DatabaseStressTest\DatabaseStressTest.csproj", "{D319FC4B-53A2-4E46-80B0-A405261F19D9}"
EndProject
Project("{FAE04EC0-301F-11D3-BF4B-00C04F79EFBC}") = "HProseFileTransferServerWinForm", "HProseFileTransferServerWinForm\HProseFileTransferServerWinForm.csproj", "{99FCC209-D55D-4B33-A0D7-0A5B01F7806D}"
EndProject
Project("{FAE04EC0-301F-11D3-BF4B-00C04F79EFBC}") = "RedisDemo2", "RedisDemo2\RedisDemo2.csproj", "{08A65E99-8F1C-48A2-BC81-738314CFBB51}"
EndProject
Project("{FAE04EC0-301F-11D3-BF4B-00C04F79EFBC}") = "TravelAgency.UpdateTools", "TravelAgency.UpdateTools\TravelAgency.UpdateTools.csproj", "{30116409-2E64-4DEF-8CE0-09450A2B3D7B}"
EndProject
Project("{2150E333-8FDC-42A3-9474-1A3956D46DE8}") = "AutoUpdate", "AutoUpdate", "{8DB4C9BD-9134-44AB-B8CC-966001379ED6}"
EndProject
Project("{2150E333-8FDC-42A3-9474-1A3956D46DE8}") = "OrderManagement", "OrderManagement", "{582417C8-BD68-4F34-BAE5-8B67BB9623ED}"
EndProject
Project("{2150E333-8FDC-42A3-9474-1A3956D46DE8}") = "TravelAgency", "TravelAgency", "{CA620E65-0AB1-4280-88FE-EE56FAD7F26A}"
EndProject
Project("{FAE04EC0-301F-11D3-BF4B-00C04F79EFBC}") = "WebBrowserDemo", "WebBrowserDemo\WebBrowserDemo.csproj", "{79F1EA50-52D9-4BDA-9283-249B7040A994}"
EndProject
Project("{FAE04EC0-301F-11D3-BF4B-00C04F79EFBC}") = "TravelAgency.AmericanVisaAutoTyper", "TravelAgency.AmericanVisaAutoTyper\TravelAgency.AmericanVisaAutoTyper.csproj", "{13EA34B1-FDC1-42B8-BE40-4E9878AB3151}"
EndProject
Global
	GlobalSection(SolutionConfigurationPlatforms) = preSolution
		Debug|.NET = Debug|.NET
		Debug|Any CPU = Debug|Any CPU
		Debug|Mixed Platforms = Debug|Mixed Platforms
		Debug|x86 = Debug|x86
		Release|.NET = Release|.NET
		Release|Any CPU = Release|Any CPU
		Release|Mixed Platforms = Release|Mixed Platforms
		Release|x86 = Release|x86
	EndGlobalSection
	GlobalSection(ProjectConfigurationPlatforms) = postSolution
		{38D7AA58-C95B-449B-86C6-A8073A56E11F}.Debug|.NET.ActiveCfg = Debug|Any CPU
		{38D7AA58-C95B-449B-86C6-A8073A56E11F}.Debug|Any CPU.ActiveCfg = Debug|Any CPU
		{38D7AA58-C95B-449B-86C6-A8073A56E11F}.Debug|Any CPU.Build.0 = Debug|Any CPU
		{38D7AA58-C95B-449B-86C6-A8073A56E11F}.Debug|Mixed Platforms.ActiveCfg = Debug|Any CPU
		{38D7AA58-C95B-449B-86C6-A8073A56E11F}.Debug|Mixed Platforms.Build.0 = Debug|Any CPU
		{38D7AA58-C95B-449B-86C6-A8073A56E11F}.Debug|x86.ActiveCfg = Debug|Any CPU
		{38D7AA58-C95B-449B-86C6-A8073A56E11F}.Debug|x86.Build.0 = Debug|Any CPU
		{38D7AA58-C95B-449B-86C6-A8073A56E11F}.Release|.NET.ActiveCfg = Release|Any CPU
		{38D7AA58-C95B-449B-86C6-A8073A56E11F}.Release|Any CPU.ActiveCfg = Release|Any CPU
		{38D7AA58-C95B-449B-86C6-A8073A56E11F}.Release|Any CPU.Build.0 = Release|Any CPU
		{38D7AA58-C95B-449B-86C6-A8073A56E11F}.Release|Mixed Platforms.ActiveCfg = Release|Any CPU
		{38D7AA58-C95B-449B-86C6-A8073A56E11F}.Release|Mixed Platforms.Build.0 = Release|Any CPU
		{38D7AA58-C95B-449B-86C6-A8073A56E11F}.Release|x86.ActiveCfg = Release|Any CPU
		{38D7AA58-C95B-449B-86C6-A8073A56E11F}.Release|x86.Build.0 = Release|Any CPU
		{53995DBB-9836-4647-AD22-865884FDEB9E}.Debug|.NET.ActiveCfg = Debug|Any CPU
		{53995DBB-9836-4647-AD22-865884FDEB9E}.Debug|Any CPU.ActiveCfg = Debug|Any CPU
		{53995DBB-9836-4647-AD22-865884FDEB9E}.Debug|Any CPU.Build.0 = Debug|Any CPU
		{53995DBB-9836-4647-AD22-865884FDEB9E}.Debug|Mixed Platforms.ActiveCfg = Debug|Any CPU
		{53995DBB-9836-4647-AD22-865884FDEB9E}.Debug|Mixed Platforms.Build.0 = Debug|Any CPU
		{53995DBB-9836-4647-AD22-865884FDEB9E}.Debug|x86.ActiveCfg = Debug|Any CPU
		{53995DBB-9836-4647-AD22-865884FDEB9E}.Debug|x86.Build.0 = Debug|Any CPU
		{53995DBB-9836-4647-AD22-865884FDEB9E}.Release|.NET.ActiveCfg = Release|Any CPU
		{53995DBB-9836-4647-AD22-865884FDEB9E}.Release|Any CPU.ActiveCfg = Release|Any CPU
		{53995DBB-9836-4647-AD22-865884FDEB9E}.Release|Any CPU.Build.0 = Release|Any CPU
		{53995DBB-9836-4647-AD22-865884FDEB9E}.Release|Mixed Platforms.ActiveCfg = Release|Any CPU
		{53995DBB-9836-4647-AD22-865884FDEB9E}.Release|Mixed Platforms.Build.0 = Release|Any CPU
		{53995DBB-9836-4647-AD22-865884FDEB9E}.Release|x86.ActiveCfg = Release|Any CPU
		{53995DBB-9836-4647-AD22-865884FDEB9E}.Release|x86.Build.0 = Release|Any CPU
		{9FE00521-3A8B-42B1-814E-585E99407B2E}.Debug|.NET.ActiveCfg = Debug|Any CPU
		{9FE00521-3A8B-42B1-814E-585E99407B2E}.Debug|Any CPU.ActiveCfg = Debug|Any CPU
		{9FE00521-3A8B-42B1-814E-585E99407B2E}.Debug|Any CPU.Build.0 = Debug|Any CPU
		{9FE00521-3A8B-42B1-814E-585E99407B2E}.Debug|Mixed Platforms.ActiveCfg = Debug|Any CPU
		{9FE00521-3A8B-42B1-814E-585E99407B2E}.Debug|Mixed Platforms.Build.0 = Debug|Any CPU
		{9FE00521-3A8B-42B1-814E-585E99407B2E}.Debug|x86.ActiveCfg = Debug|Any CPU
		{9FE00521-3A8B-42B1-814E-585E99407B2E}.Debug|x86.Build.0 = Debug|Any CPU
		{9FE00521-3A8B-42B1-814E-585E99407B2E}.Release|.NET.ActiveCfg = Release|Any CPU
		{9FE00521-3A8B-42B1-814E-585E99407B2E}.Release|Any CPU.ActiveCfg = Release|Any CPU
		{9FE00521-3A8B-42B1-814E-585E99407B2E}.Release|Any CPU.Build.0 = Release|Any CPU
		{9FE00521-3A8B-42B1-814E-585E99407B2E}.Release|Mixed Platforms.ActiveCfg = Release|Any CPU
		{9FE00521-3A8B-42B1-814E-585E99407B2E}.Release|Mixed Platforms.Build.0 = Release|Any CPU
		{9FE00521-3A8B-42B1-814E-585E99407B2E}.Release|x86.ActiveCfg = Release|Any CPU
		{9FE00521-3A8B-42B1-814E-585E99407B2E}.Release|x86.Build.0 = Release|Any CPU
		{0988C62E-247F-471F-A183-DB509C7A3839}.Debug|.NET.ActiveCfg = Debug|Any CPU
		{0988C62E-247F-471F-A183-DB509C7A3839}.Debug|Any CPU.ActiveCfg = Debug|Any CPU
		{0988C62E-247F-471F-A183-DB509C7A3839}.Debug|Any CPU.Build.0 = Debug|Any CPU
		{0988C62E-247F-471F-A183-DB509C7A3839}.Debug|Mixed Platforms.ActiveCfg = Debug|Any CPU
		{0988C62E-247F-471F-A183-DB509C7A3839}.Debug|Mixed Platforms.Build.0 = Debug|Any CPU
		{0988C62E-247F-471F-A183-DB509C7A3839}.Debug|x86.ActiveCfg = Debug|Any CPU
		{0988C62E-247F-471F-A183-DB509C7A3839}.Debug|x86.Build.0 = Debug|Any CPU
		{0988C62E-247F-471F-A183-DB509C7A3839}.Release|.NET.ActiveCfg = Release|Any CPU
		{0988C62E-247F-471F-A183-DB509C7A3839}.Release|Any CPU.ActiveCfg = Release|Any CPU
		{0988C62E-247F-471F-A183-DB509C7A3839}.Release|Any CPU.Build.0 = Release|Any CPU
		{0988C62E-247F-471F-A183-DB509C7A3839}.Release|Mixed Platforms.ActiveCfg = Release|Any CPU
		{0988C62E-247F-471F-A183-DB509C7A3839}.Release|Mixed Platforms.Build.0 = Release|Any CPU
		{0988C62E-247F-471F-A183-DB509C7A3839}.Release|x86.ActiveCfg = Release|Any CPU
		{0988C62E-247F-471F-A183-DB509C7A3839}.Release|x86.Build.0 = Release|Any CPU
		{E3D8759A-C5EB-402D-9F10-F5C6029A8D1A}.Debug|.NET.ActiveCfg = Debug|Any CPU
		{E3D8759A-C5EB-402D-9F10-F5C6029A8D1A}.Debug|Any CPU.ActiveCfg = Debug|Any CPU
		{E3D8759A-C5EB-402D-9F10-F5C6029A8D1A}.Debug|Any CPU.Build.0 = Debug|Any CPU
		{E3D8759A-C5EB-402D-9F10-F5C6029A8D1A}.Debug|Mixed Platforms.ActiveCfg = Debug|Any CPU
		{E3D8759A-C5EB-402D-9F10-F5C6029A8D1A}.Debug|Mixed Platforms.Build.0 = Debug|Any CPU
		{E3D8759A-C5EB-402D-9F10-F5C6029A8D1A}.Debug|x86.ActiveCfg = Debug|Any CPU
		{E3D8759A-C5EB-402D-9F10-F5C6029A8D1A}.Debug|x86.Build.0 = Debug|Any CPU
		{E3D8759A-C5EB-402D-9F10-F5C6029A8D1A}.Release|.NET.ActiveCfg = Release|Any CPU
		{E3D8759A-C5EB-402D-9F10-F5C6029A8D1A}.Release|Any CPU.ActiveCfg = Release|Any CPU
		{E3D8759A-C5EB-402D-9F10-F5C6029A8D1A}.Release|Any CPU.Build.0 = Release|Any CPU
		{E3D8759A-C5EB-402D-9F10-F5C6029A8D1A}.Release|Mixed Platforms.ActiveCfg = Release|Any CPU
		{E3D8759A-C5EB-402D-9F10-F5C6029A8D1A}.Release|Mixed Platforms.Build.0 = Release|Any CPU
		{E3D8759A-C5EB-402D-9F10-F5C6029A8D1A}.Release|x86.ActiveCfg = Release|Any CPU
		{E3D8759A-C5EB-402D-9F10-F5C6029A8D1A}.Release|x86.Build.0 = Release|Any CPU
		{8D113D60-BB45-4D8E-8617-4ADC2EEF42CF}.Debug|.NET.ActiveCfg = Debug|Any CPU
		{8D113D60-BB45-4D8E-8617-4ADC2EEF42CF}.Debug|Any CPU.ActiveCfg = Debug|Any CPU
		{8D113D60-BB45-4D8E-8617-4ADC2EEF42CF}.Debug|Any CPU.Build.0 = Debug|Any CPU
		{8D113D60-BB45-4D8E-8617-4ADC2EEF42CF}.Debug|Mixed Platforms.ActiveCfg = Debug|Any CPU
		{8D113D60-BB45-4D8E-8617-4ADC2EEF42CF}.Debug|Mixed Platforms.Build.0 = Debug|Any CPU
		{8D113D60-BB45-4D8E-8617-4ADC2EEF42CF}.Debug|x86.ActiveCfg = Debug|Any CPU
		{8D113D60-BB45-4D8E-8617-4ADC2EEF42CF}.Release|.NET.ActiveCfg = Release|Any CPU
		{8D113D60-BB45-4D8E-8617-4ADC2EEF42CF}.Release|Any CPU.ActiveCfg = Release|Any CPU
		{8D113D60-BB45-4D8E-8617-4ADC2EEF42CF}.Release|Any CPU.Build.0 = Release|Any CPU
		{8D113D60-BB45-4D8E-8617-4ADC2EEF42CF}.Release|Mixed Platforms.ActiveCfg = Release|Any CPU
		{8D113D60-BB45-4D8E-8617-4ADC2EEF42CF}.Release|Mixed Platforms.Build.0 = Release|Any CPU
		{8D113D60-BB45-4D8E-8617-4ADC2EEF42CF}.Release|x86.ActiveCfg = Release|Any CPU
		{A48644E7-B6D8-4DEC-89E6-445638722695}.Debug|.NET.ActiveCfg = Debug|Any CPU
		{A48644E7-B6D8-4DEC-89E6-445638722695}.Debug|Any CPU.ActiveCfg = Debug|Any CPU
		{A48644E7-B6D8-4DEC-89E6-445638722695}.Debug|Any CPU.Build.0 = Debug|Any CPU
		{A48644E7-B6D8-4DEC-89E6-445638722695}.Debug|Mixed Platforms.ActiveCfg = Debug|Any CPU
		{A48644E7-B6D8-4DEC-89E6-445638722695}.Debug|Mixed Platforms.Build.0 = Debug|Any CPU
		{A48644E7-B6D8-4DEC-89E6-445638722695}.Debug|x86.ActiveCfg = Debug|Any CPU
		{A48644E7-B6D8-4DEC-89E6-445638722695}.Release|.NET.ActiveCfg = Release|Any CPU
		{A48644E7-B6D8-4DEC-89E6-445638722695}.Release|Any CPU.ActiveCfg = Release|Any CPU
		{A48644E7-B6D8-4DEC-89E6-445638722695}.Release|Any CPU.Build.0 = Release|Any CPU
		{A48644E7-B6D8-4DEC-89E6-445638722695}.Release|Mixed Platforms.ActiveCfg = Release|Any CPU
		{A48644E7-B6D8-4DEC-89E6-445638722695}.Release|Mixed Platforms.Build.0 = Release|Any CPU
		{A48644E7-B6D8-4DEC-89E6-445638722695}.Release|x86.ActiveCfg = Release|Any CPU
		{AD00E387-E07F-49AF-8C36-CEB282BB61E7}.Debug|.NET.ActiveCfg = Debug|Any CPU
		{AD00E387-E07F-49AF-8C36-CEB282BB61E7}.Debug|Any CPU.ActiveCfg = Debug|Any CPU
		{AD00E387-E07F-49AF-8C36-CEB282BB61E7}.Debug|Any CPU.Build.0 = Debug|Any CPU
		{AD00E387-E07F-49AF-8C36-CEB282BB61E7}.Debug|Mixed Platforms.ActiveCfg = Debug|Any CPU
		{AD00E387-E07F-49AF-8C36-CEB282BB61E7}.Debug|Mixed Platforms.Build.0 = Debug|Any CPU
		{AD00E387-E07F-49AF-8C36-CEB282BB61E7}.Debug|x86.ActiveCfg = Debug|Any CPU
		{AD00E387-E07F-49AF-8C36-CEB282BB61E7}.Release|.NET.ActiveCfg = Release|Any CPU
		{AD00E387-E07F-49AF-8C36-CEB282BB61E7}.Release|Any CPU.ActiveCfg = Release|Any CPU
		{AD00E387-E07F-49AF-8C36-CEB282BB61E7}.Release|Any CPU.Build.0 = Release|Any CPU
		{AD00E387-E07F-49AF-8C36-CEB282BB61E7}.Release|Mixed Platforms.ActiveCfg = Release|Any CPU
		{AD00E387-E07F-49AF-8C36-CEB282BB61E7}.Release|Mixed Platforms.Build.0 = Release|Any CPU
		{AD00E387-E07F-49AF-8C36-CEB282BB61E7}.Release|x86.ActiveCfg = Release|Any CPU
		{8C19927D-A1B6-49B8-82A6-6C2FD7D7A037}.Debug|.NET.ActiveCfg = Debug|Any CPU
		{8C19927D-A1B6-49B8-82A6-6C2FD7D7A037}.Debug|Any CPU.ActiveCfg = Debug|Any CPU
		{8C19927D-A1B6-49B8-82A6-6C2FD7D7A037}.Debug|Any CPU.Build.0 = Debug|Any CPU
		{8C19927D-A1B6-49B8-82A6-6C2FD7D7A037}.Debug|Mixed Platforms.ActiveCfg = Debug|Any CPU
		{8C19927D-A1B6-49B8-82A6-6C2FD7D7A037}.Debug|Mixed Platforms.Build.0 = Debug|Any CPU
		{8C19927D-A1B6-49B8-82A6-6C2FD7D7A037}.Debug|x86.ActiveCfg = Debug|Any CPU
		{8C19927D-A1B6-49B8-82A6-6C2FD7D7A037}.Release|.NET.ActiveCfg = Release|Any CPU
		{8C19927D-A1B6-49B8-82A6-6C2FD7D7A037}.Release|Any CPU.ActiveCfg = Release|Any CPU
		{8C19927D-A1B6-49B8-82A6-6C2FD7D7A037}.Release|Any CPU.Build.0 = Release|Any CPU
		{8C19927D-A1B6-49B8-82A6-6C2FD7D7A037}.Release|Mixed Platforms.ActiveCfg = Release|Any CPU
		{8C19927D-A1B6-49B8-82A6-6C2FD7D7A037}.Release|Mixed Platforms.Build.0 = Release|Any CPU
		{8C19927D-A1B6-49B8-82A6-6C2FD7D7A037}.Release|x86.ActiveCfg = Release|Any CPU
		{3D88C54B-7123-49DD-ACCC-A8B70AE111B2}.Debug|.NET.ActiveCfg = Debug|Any CPU
		{3D88C54B-7123-49DD-ACCC-A8B70AE111B2}.Debug|Any CPU.ActiveCfg = Debug|Any CPU
		{3D88C54B-7123-49DD-ACCC-A8B70AE111B2}.Debug|Any CPU.Build.0 = Debug|Any CPU
		{3D88C54B-7123-49DD-ACCC-A8B70AE111B2}.Debug|Mixed Platforms.ActiveCfg = Debug|Any CPU
		{3D88C54B-7123-49DD-ACCC-A8B70AE111B2}.Debug|Mixed Platforms.Build.0 = Debug|Any CPU
		{3D88C54B-7123-49DD-ACCC-A8B70AE111B2}.Debug|x86.ActiveCfg = Debug|Any CPU
		{3D88C54B-7123-49DD-ACCC-A8B70AE111B2}.Release|.NET.ActiveCfg = Release|Any CPU
		{3D88C54B-7123-49DD-ACCC-A8B70AE111B2}.Release|Any CPU.ActiveCfg = Release|Any CPU
		{3D88C54B-7123-49DD-ACCC-A8B70AE111B2}.Release|Any CPU.Build.0 = Release|Any CPU
		{3D88C54B-7123-49DD-ACCC-A8B70AE111B2}.Release|Mixed Platforms.ActiveCfg = Release|Any CPU
		{3D88C54B-7123-49DD-ACCC-A8B70AE111B2}.Release|Mixed Platforms.Build.0 = Release|Any CPU
		{3D88C54B-7123-49DD-ACCC-A8B70AE111B2}.Release|x86.ActiveCfg = Release|Any CPU
		{CA4B5748-7DD1-4D0B-98E6-A19D51844F36}.Debug|.NET.ActiveCfg = Debug|Any CPU
		{CA4B5748-7DD1-4D0B-98E6-A19D51844F36}.Debug|Any CPU.ActiveCfg = Debug|Any CPU
		{CA4B5748-7DD1-4D0B-98E6-A19D51844F36}.Debug|Any CPU.Build.0 = Debug|Any CPU
		{CA4B5748-7DD1-4D0B-98E6-A19D51844F36}.Debug|Mixed Platforms.ActiveCfg = Debug|Any CPU
		{CA4B5748-7DD1-4D0B-98E6-A19D51844F36}.Debug|Mixed Platforms.Build.0 = Debug|Any CPU
		{CA4B5748-7DD1-4D0B-98E6-A19D51844F36}.Debug|x86.ActiveCfg = Debug|Any CPU
		{CA4B5748-7DD1-4D0B-98E6-A19D51844F36}.Release|.NET.ActiveCfg = Release|Any CPU
		{CA4B5748-7DD1-4D0B-98E6-A19D51844F36}.Release|Any CPU.ActiveCfg = Release|Any CPU
		{CA4B5748-7DD1-4D0B-98E6-A19D51844F36}.Release|Any CPU.Build.0 = Release|Any CPU
		{CA4B5748-7DD1-4D0B-98E6-A19D51844F36}.Release|Mixed Platforms.ActiveCfg = Release|Any CPU
		{CA4B5748-7DD1-4D0B-98E6-A19D51844F36}.Release|Mixed Platforms.Build.0 = Release|Any CPU
		{CA4B5748-7DD1-4D0B-98E6-A19D51844F36}.Release|x86.ActiveCfg = Release|Any CPU
		{981FA098-D3D3-4315-8F56-2593C46545C4}.Debug|.NET.ActiveCfg = Debug|Any CPU
		{981FA098-D3D3-4315-8F56-2593C46545C4}.Debug|Any CPU.ActiveCfg = Debug|Any CPU
		{981FA098-D3D3-4315-8F56-2593C46545C4}.Debug|Any CPU.Build.0 = Debug|Any CPU
		{981FA098-D3D3-4315-8F56-2593C46545C4}.Debug|Mixed Platforms.ActiveCfg = Debug|Any CPU
		{981FA098-D3D3-4315-8F56-2593C46545C4}.Debug|Mixed Platforms.Build.0 = Debug|Any CPU
		{981FA098-D3D3-4315-8F56-2593C46545C4}.Debug|x86.ActiveCfg = Debug|Any CPU
		{981FA098-D3D3-4315-8F56-2593C46545C4}.Release|.NET.ActiveCfg = Release|Any CPU
		{981FA098-D3D3-4315-8F56-2593C46545C4}.Release|Any CPU.ActiveCfg = Release|Any CPU
		{981FA098-D3D3-4315-8F56-2593C46545C4}.Release|Any CPU.Build.0 = Release|Any CPU
		{981FA098-D3D3-4315-8F56-2593C46545C4}.Release|Mixed Platforms.ActiveCfg = Release|Any CPU
		{981FA098-D3D3-4315-8F56-2593C46545C4}.Release|Mixed Platforms.Build.0 = Release|Any CPU
		{981FA098-D3D3-4315-8F56-2593C46545C4}.Release|x86.ActiveCfg = Release|Any CPU
		{31681C9E-4B0D-432D-912E-B9C2953C8A70}.Debug|.NET.ActiveCfg = Debug|Any CPU
		{31681C9E-4B0D-432D-912E-B9C2953C8A70}.Debug|Any CPU.ActiveCfg = Debug|Any CPU
		{31681C9E-4B0D-432D-912E-B9C2953C8A70}.Debug|Any CPU.Build.0 = Debug|Any CPU
		{31681C9E-4B0D-432D-912E-B9C2953C8A70}.Debug|Mixed Platforms.ActiveCfg = Debug|Any CPU
		{31681C9E-4B0D-432D-912E-B9C2953C8A70}.Debug|Mixed Platforms.Build.0 = Debug|Any CPU
		{31681C9E-4B0D-432D-912E-B9C2953C8A70}.Debug|x86.ActiveCfg = Debug|Any CPU
		{31681C9E-4B0D-432D-912E-B9C2953C8A70}.Release|.NET.ActiveCfg = Release|Any CPU
		{31681C9E-4B0D-432D-912E-B9C2953C8A70}.Release|Any CPU.ActiveCfg = Release|Any CPU
		{31681C9E-4B0D-432D-912E-B9C2953C8A70}.Release|Any CPU.Build.0 = Release|Any CPU
		{31681C9E-4B0D-432D-912E-B9C2953C8A70}.Release|Mixed Platforms.ActiveCfg = Release|Any CPU
		{31681C9E-4B0D-432D-912E-B9C2953C8A70}.Release|Mixed Platforms.Build.0 = Release|Any CPU
		{31681C9E-4B0D-432D-912E-B9C2953C8A70}.Release|x86.ActiveCfg = Release|Any CPU
		{410DDBC9-6C2E-4D0B-BEC3-349608EA7954}.Debug|.NET.ActiveCfg = Debug|Any CPU
		{410DDBC9-6C2E-4D0B-BEC3-349608EA7954}.Debug|Any CPU.ActiveCfg = Debug|Any CPU
		{410DDBC9-6C2E-4D0B-BEC3-349608EA7954}.Debug|Any CPU.Build.0 = Debug|Any CPU
		{410DDBC9-6C2E-4D0B-BEC3-349608EA7954}.Debug|Mixed Platforms.ActiveCfg = Debug|Any CPU
		{410DDBC9-6C2E-4D0B-BEC3-349608EA7954}.Debug|Mixed Platforms.Build.0 = Debug|Any CPU
		{410DDBC9-6C2E-4D0B-BEC3-349608EA7954}.Debug|x86.ActiveCfg = Debug|Any CPU
		{410DDBC9-6C2E-4D0B-BEC3-349608EA7954}.Release|.NET.ActiveCfg = Release|Any CPU
		{410DDBC9-6C2E-4D0B-BEC3-349608EA7954}.Release|Any CPU.ActiveCfg = Release|Any CPU
		{410DDBC9-6C2E-4D0B-BEC3-349608EA7954}.Release|Any CPU.Build.0 = Release|Any CPU
		{410DDBC9-6C2E-4D0B-BEC3-349608EA7954}.Release|Mixed Platforms.ActiveCfg = Release|Any CPU
		{410DDBC9-6C2E-4D0B-BEC3-349608EA7954}.Release|Mixed Platforms.Build.0 = Release|Any CPU
		{410DDBC9-6C2E-4D0B-BEC3-349608EA7954}.Release|x86.ActiveCfg = Release|Any CPU
		{F9A0B3B1-C7F9-4617-819F-04AA3B3DDE71}.Debug|.NET.ActiveCfg = Debug|Any CPU
		{F9A0B3B1-C7F9-4617-819F-04AA3B3DDE71}.Debug|Any CPU.ActiveCfg = Debug|Any CPU
		{F9A0B3B1-C7F9-4617-819F-04AA3B3DDE71}.Debug|Any CPU.Build.0 = Debug|Any CPU
		{F9A0B3B1-C7F9-4617-819F-04AA3B3DDE71}.Debug|Mixed Platforms.ActiveCfg = Debug|Any CPU
		{F9A0B3B1-C7F9-4617-819F-04AA3B3DDE71}.Debug|Mixed Platforms.Build.0 = Debug|Any CPU
		{F9A0B3B1-C7F9-4617-819F-04AA3B3DDE71}.Debug|x86.ActiveCfg = Debug|Any CPU
		{F9A0B3B1-C7F9-4617-819F-04AA3B3DDE71}.Release|.NET.ActiveCfg = Release|Any CPU
		{F9A0B3B1-C7F9-4617-819F-04AA3B3DDE71}.Release|Any CPU.ActiveCfg = Release|Any CPU
		{F9A0B3B1-C7F9-4617-819F-04AA3B3DDE71}.Release|Any CPU.Build.0 = Release|Any CPU
		{F9A0B3B1-C7F9-4617-819F-04AA3B3DDE71}.Release|Mixed Platforms.ActiveCfg = Release|Any CPU
		{F9A0B3B1-C7F9-4617-819F-04AA3B3DDE71}.Release|Mixed Platforms.Build.0 = Release|Any CPU
		{F9A0B3B1-C7F9-4617-819F-04AA3B3DDE71}.Release|x86.ActiveCfg = Release|Any CPU
		{B21EDFDC-CBC2-4F49-8A77-CFFBD35687AB}.Debug|.NET.ActiveCfg = Debug|x86
		{B21EDFDC-CBC2-4F49-8A77-CFFBD35687AB}.Debug|Any CPU.ActiveCfg = Debug|x86
		{B21EDFDC-CBC2-4F49-8A77-CFFBD35687AB}.Debug|Mixed Platforms.ActiveCfg = Debug|x86
		{B21EDFDC-CBC2-4F49-8A77-CFFBD35687AB}.Debug|Mixed Platforms.Build.0 = Debug|x86
		{B21EDFDC-CBC2-4F49-8A77-CFFBD35687AB}.Debug|x86.ActiveCfg = Debug|x86
		{B21EDFDC-CBC2-4F49-8A77-CFFBD35687AB}.Release|.NET.ActiveCfg = Release|x86
		{B21EDFDC-CBC2-4F49-8A77-CFFBD35687AB}.Release|Any CPU.ActiveCfg = Release|x86
		{B21EDFDC-CBC2-4F49-8A77-CFFBD35687AB}.Release|Mixed Platforms.ActiveCfg = Release|x86
		{B21EDFDC-CBC2-4F49-8A77-CFFBD35687AB}.Release|Mixed Platforms.Build.0 = Release|x86
		{B21EDFDC-CBC2-4F49-8A77-CFFBD35687AB}.Release|x86.ActiveCfg = Release|x86
		{B21EDFDC-CBC2-4F49-8A77-CFFBD35687AB}.Release|x86.Build.0 = Release|x86
		{C30D12F5-705D-40E6-9285-BA0E32383176}.Debug|.NET.ActiveCfg = Debug|Any CPU
		{C30D12F5-705D-40E6-9285-BA0E32383176}.Debug|Any CPU.ActiveCfg = Debug|Any CPU
		{C30D12F5-705D-40E6-9285-BA0E32383176}.Debug|Any CPU.Build.0 = Debug|Any CPU
		{C30D12F5-705D-40E6-9285-BA0E32383176}.Debug|Mixed Platforms.ActiveCfg = Debug|Any CPU
		{C30D12F5-705D-40E6-9285-BA0E32383176}.Debug|Mixed Platforms.Build.0 = Debug|Any CPU
		{C30D12F5-705D-40E6-9285-BA0E32383176}.Debug|x86.ActiveCfg = Debug|Any CPU
		{C30D12F5-705D-40E6-9285-BA0E32383176}.Release|.NET.ActiveCfg = Release|Any CPU
		{C30D12F5-705D-40E6-9285-BA0E32383176}.Release|Any CPU.ActiveCfg = Release|Any CPU
		{C30D12F5-705D-40E6-9285-BA0E32383176}.Release|Any CPU.Build.0 = Release|Any CPU
		{C30D12F5-705D-40E6-9285-BA0E32383176}.Release|Mixed Platforms.ActiveCfg = Release|Any CPU
		{C30D12F5-705D-40E6-9285-BA0E32383176}.Release|Mixed Platforms.Build.0 = Release|Any CPU
		{C30D12F5-705D-40E6-9285-BA0E32383176}.Release|x86.ActiveCfg = Release|Any CPU
		{E499E847-718B-4191-B5C3-38F5E721D054}.Debug|.NET.ActiveCfg = Debug|Any CPU
		{E499E847-718B-4191-B5C3-38F5E721D054}.Debug|Any CPU.ActiveCfg = Debug|Any CPU
		{E499E847-718B-4191-B5C3-38F5E721D054}.Debug|Any CPU.Build.0 = Debug|Any CPU
		{E499E847-718B-4191-B5C3-38F5E721D054}.Debug|Mixed Platforms.ActiveCfg = Debug|Any CPU
		{E499E847-718B-4191-B5C3-38F5E721D054}.Debug|Mixed Platforms.Build.0 = Debug|Any CPU
		{E499E847-718B-4191-B5C3-38F5E721D054}.Debug|x86.ActiveCfg = Debug|Any CPU
		{E499E847-718B-4191-B5C3-38F5E721D054}.Release|.NET.ActiveCfg = Release|Any CPU
		{E499E847-718B-4191-B5C3-38F5E721D054}.Release|Any CPU.ActiveCfg = Release|Any CPU
		{E499E847-718B-4191-B5C3-38F5E721D054}.Release|Any CPU.Build.0 = Release|Any CPU
		{E499E847-718B-4191-B5C3-38F5E721D054}.Release|Mixed Platforms.ActiveCfg = Release|Any CPU
		{E499E847-718B-4191-B5C3-38F5E721D054}.Release|Mixed Platforms.Build.0 = Release|Any CPU
		{E499E847-718B-4191-B5C3-38F5E721D054}.Release|x86.ActiveCfg = Release|Any CPU
		{6790B4EE-D680-4D7A-92E3-B000877D9343}.Debug|.NET.ActiveCfg = Debug|Any CPU
		{6790B4EE-D680-4D7A-92E3-B000877D9343}.Debug|Any CPU.ActiveCfg = Debug|Any CPU
		{6790B4EE-D680-4D7A-92E3-B000877D9343}.Debug|Any CPU.Build.0 = Debug|Any CPU
		{6790B4EE-D680-4D7A-92E3-B000877D9343}.Debug|Mixed Platforms.ActiveCfg = Debug|Any CPU
		{6790B4EE-D680-4D7A-92E3-B000877D9343}.Debug|Mixed Platforms.Build.0 = Debug|Any CPU
		{6790B4EE-D680-4D7A-92E3-B000877D9343}.Debug|x86.ActiveCfg = Debug|Any CPU
		{6790B4EE-D680-4D7A-92E3-B000877D9343}.Release|.NET.ActiveCfg = Release|Any CPU
		{6790B4EE-D680-4D7A-92E3-B000877D9343}.Release|Any CPU.ActiveCfg = Release|Any CPU
		{6790B4EE-D680-4D7A-92E3-B000877D9343}.Release|Any CPU.Build.0 = Release|Any CPU
		{6790B4EE-D680-4D7A-92E3-B000877D9343}.Release|Mixed Platforms.ActiveCfg = Release|Any CPU
		{6790B4EE-D680-4D7A-92E3-B000877D9343}.Release|Mixed Platforms.Build.0 = Release|Any CPU
		{6790B4EE-D680-4D7A-92E3-B000877D9343}.Release|x86.ActiveCfg = Release|Any CPU
		{F38D6E57-152D-4E66-B201-8CC81E6612A6}.Debug|.NET.ActiveCfg = Debug|Any CPU
		{F38D6E57-152D-4E66-B201-8CC81E6612A6}.Debug|.NET.Build.0 = Debug|Any CPU
		{F38D6E57-152D-4E66-B201-8CC81E6612A6}.Debug|Any CPU.ActiveCfg = Debug|Any CPU
		{F38D6E57-152D-4E66-B201-8CC81E6612A6}.Debug|Any CPU.Build.0 = Debug|Any CPU
		{F38D6E57-152D-4E66-B201-8CC81E6612A6}.Debug|Mixed Platforms.ActiveCfg = Debug|Any CPU
		{F38D6E57-152D-4E66-B201-8CC81E6612A6}.Debug|Mixed Platforms.Build.0 = Debug|Any CPU
		{F38D6E57-152D-4E66-B201-8CC81E6612A6}.Debug|x86.ActiveCfg = Debug|Any CPU
		{F38D6E57-152D-4E66-B201-8CC81E6612A6}.Debug|x86.Build.0 = Debug|Any CPU
		{F38D6E57-152D-4E66-B201-8CC81E6612A6}.Release|.NET.ActiveCfg = Release|Any CPU
		{F38D6E57-152D-4E66-B201-8CC81E6612A6}.Release|.NET.Build.0 = Release|Any CPU
		{F38D6E57-152D-4E66-B201-8CC81E6612A6}.Release|Any CPU.ActiveCfg = Release|Any CPU
		{F38D6E57-152D-4E66-B201-8CC81E6612A6}.Release|Any CPU.Build.0 = Release|Any CPU
		{F38D6E57-152D-4E66-B201-8CC81E6612A6}.Release|Mixed Platforms.ActiveCfg = Release|Any CPU
		{F38D6E57-152D-4E66-B201-8CC81E6612A6}.Release|Mixed Platforms.Build.0 = Release|Any CPU
		{F38D6E57-152D-4E66-B201-8CC81E6612A6}.Release|x86.ActiveCfg = Release|Any CPU
		{F38D6E57-152D-4E66-B201-8CC81E6612A6}.Release|x86.Build.0 = Release|Any CPU
		{3FE063B6-57A1-4890-98CF-C23811BCBDD9}.Debug|.NET.ActiveCfg = Debug|Any CPU
		{3FE063B6-57A1-4890-98CF-C23811BCBDD9}.Debug|.NET.Build.0 = Debug|Any CPU
		{3FE063B6-57A1-4890-98CF-C23811BCBDD9}.Debug|Any CPU.ActiveCfg = Debug|Any CPU
		{3FE063B6-57A1-4890-98CF-C23811BCBDD9}.Debug|Any CPU.Build.0 = Debug|Any CPU
		{3FE063B6-57A1-4890-98CF-C23811BCBDD9}.Debug|Mixed Platforms.ActiveCfg = Debug|Any CPU
		{3FE063B6-57A1-4890-98CF-C23811BCBDD9}.Debug|Mixed Platforms.Build.0 = Debug|Any CPU
		{3FE063B6-57A1-4890-98CF-C23811BCBDD9}.Debug|x86.ActiveCfg = Debug|Any CPU
		{3FE063B6-57A1-4890-98CF-C23811BCBDD9}.Debug|x86.Build.0 = Debug|Any CPU
		{3FE063B6-57A1-4890-98CF-C23811BCBDD9}.Release|.NET.ActiveCfg = Release|Any CPU
		{3FE063B6-57A1-4890-98CF-C23811BCBDD9}.Release|.NET.Build.0 = Release|Any CPU
		{3FE063B6-57A1-4890-98CF-C23811BCBDD9}.Release|Any CPU.ActiveCfg = Release|Any CPU
		{3FE063B6-57A1-4890-98CF-C23811BCBDD9}.Release|Any CPU.Build.0 = Release|Any CPU
		{3FE063B6-57A1-4890-98CF-C23811BCBDD9}.Release|Mixed Platforms.ActiveCfg = Release|Any CPU
		{3FE063B6-57A1-4890-98CF-C23811BCBDD9}.Release|Mixed Platforms.Build.0 = Release|Any CPU
		{3FE063B6-57A1-4890-98CF-C23811BCBDD9}.Release|x86.ActiveCfg = Release|Any CPU
		{3FE063B6-57A1-4890-98CF-C23811BCBDD9}.Release|x86.Build.0 = Release|Any CPU
		{79A1865C-C4B5-4C69-A007-F5F7560F6FB3}.Debug|.NET.ActiveCfg = Debug|Any CPU
		{79A1865C-C4B5-4C69-A007-F5F7560F6FB3}.Debug|.NET.Build.0 = Debug|Any CPU
		{79A1865C-C4B5-4C69-A007-F5F7560F6FB3}.Debug|Any CPU.ActiveCfg = Debug|Any CPU
		{79A1865C-C4B5-4C69-A007-F5F7560F6FB3}.Debug|Any CPU.Build.0 = Debug|Any CPU
		{79A1865C-C4B5-4C69-A007-F5F7560F6FB3}.Debug|Mixed Platforms.ActiveCfg = Debug|Any CPU
		{79A1865C-C4B5-4C69-A007-F5F7560F6FB3}.Debug|Mixed Platforms.Build.0 = Debug|Any CPU
		{79A1865C-C4B5-4C69-A007-F5F7560F6FB3}.Debug|x86.ActiveCfg = Debug|Any CPU
		{79A1865C-C4B5-4C69-A007-F5F7560F6FB3}.Debug|x86.Build.0 = Debug|Any CPU
		{79A1865C-C4B5-4C69-A007-F5F7560F6FB3}.Release|.NET.ActiveCfg = Release|Any CPU
		{79A1865C-C4B5-4C69-A007-F5F7560F6FB3}.Release|.NET.Build.0 = Release|Any CPU
		{79A1865C-C4B5-4C69-A007-F5F7560F6FB3}.Release|Any CPU.ActiveCfg = Release|Any CPU
		{79A1865C-C4B5-4C69-A007-F5F7560F6FB3}.Release|Any CPU.Build.0 = Release|Any CPU
		{79A1865C-C4B5-4C69-A007-F5F7560F6FB3}.Release|Mixed Platforms.ActiveCfg = Release|Any CPU
		{79A1865C-C4B5-4C69-A007-F5F7560F6FB3}.Release|Mixed Platforms.Build.0 = Release|Any CPU
		{79A1865C-C4B5-4C69-A007-F5F7560F6FB3}.Release|x86.ActiveCfg = Release|Any CPU
		{79A1865C-C4B5-4C69-A007-F5F7560F6FB3}.Release|x86.Build.0 = Release|Any CPU
		{F5760D17-0D8F-41FA-926C-8FC73571636A}.Debug|.NET.ActiveCfg = Debug|Any CPU
		{F5760D17-0D8F-41FA-926C-8FC73571636A}.Debug|.NET.Build.0 = Debug|Any CPU
		{F5760D17-0D8F-41FA-926C-8FC73571636A}.Debug|Any CPU.ActiveCfg = Debug|Any CPU
		{F5760D17-0D8F-41FA-926C-8FC73571636A}.Debug|Any CPU.Build.0 = Debug|Any CPU
		{F5760D17-0D8F-41FA-926C-8FC73571636A}.Debug|Mixed Platforms.ActiveCfg = Debug|Any CPU
		{F5760D17-0D8F-41FA-926C-8FC73571636A}.Debug|Mixed Platforms.Build.0 = Debug|Any CPU
		{F5760D17-0D8F-41FA-926C-8FC73571636A}.Debug|x86.ActiveCfg = Debug|Any CPU
		{F5760D17-0D8F-41FA-926C-8FC73571636A}.Debug|x86.Build.0 = Debug|Any CPU
		{F5760D17-0D8F-41FA-926C-8FC73571636A}.Release|.NET.ActiveCfg = Release|Any CPU
		{F5760D17-0D8F-41FA-926C-8FC73571636A}.Release|.NET.Build.0 = Release|Any CPU
		{F5760D17-0D8F-41FA-926C-8FC73571636A}.Release|Any CPU.ActiveCfg = Release|Any CPU
		{F5760D17-0D8F-41FA-926C-8FC73571636A}.Release|Any CPU.Build.0 = Release|Any CPU
		{F5760D17-0D8F-41FA-926C-8FC73571636A}.Release|Mixed Platforms.ActiveCfg = Release|Any CPU
		{F5760D17-0D8F-41FA-926C-8FC73571636A}.Release|Mixed Platforms.Build.0 = Release|Any CPU
		{F5760D17-0D8F-41FA-926C-8FC73571636A}.Release|x86.ActiveCfg = Release|Any CPU
		{F5760D17-0D8F-41FA-926C-8FC73571636A}.Release|x86.Build.0 = Release|Any CPU
		{CC17DE09-923F-40F1-800F-B267F4A980A1}.Debug|.NET.ActiveCfg = Debug|Any CPU
		{CC17DE09-923F-40F1-800F-B267F4A980A1}.Debug|Any CPU.ActiveCfg = Debug|Any CPU
		{CC17DE09-923F-40F1-800F-B267F4A980A1}.Debug|Any CPU.Build.0 = Debug|Any CPU
		{CC17DE09-923F-40F1-800F-B267F4A980A1}.Debug|Mixed Platforms.ActiveCfg = Debug|Any CPU
		{CC17DE09-923F-40F1-800F-B267F4A980A1}.Debug|Mixed Platforms.Build.0 = Debug|Any CPU
		{CC17DE09-923F-40F1-800F-B267F4A980A1}.Debug|x86.ActiveCfg = Debug|Any CPU
		{CC17DE09-923F-40F1-800F-B267F4A980A1}.Release|.NET.ActiveCfg = Release|Any CPU
		{CC17DE09-923F-40F1-800F-B267F4A980A1}.Release|Any CPU.ActiveCfg = Release|Any CPU
		{CC17DE09-923F-40F1-800F-B267F4A980A1}.Release|Any CPU.Build.0 = Release|Any CPU
		{CC17DE09-923F-40F1-800F-B267F4A980A1}.Release|Mixed Platforms.ActiveCfg = Release|Any CPU
		{CC17DE09-923F-40F1-800F-B267F4A980A1}.Release|Mixed Platforms.Build.0 = Release|Any CPU
		{CC17DE09-923F-40F1-800F-B267F4A980A1}.Release|x86.ActiveCfg = Release|Any CPU
		{7E912ABA-B45E-49C5-B3FC-5B22A5401B60}.Debug|.NET.ActiveCfg = Debug|Any CPU
		{7E912ABA-B45E-49C5-B3FC-5B22A5401B60}.Debug|.NET.Build.0 = Debug|Any CPU
		{7E912ABA-B45E-49C5-B3FC-5B22A5401B60}.Debug|Any CPU.ActiveCfg = Debug|Any CPU
		{7E912ABA-B45E-49C5-B3FC-5B22A5401B60}.Debug|Any CPU.Build.0 = Debug|Any CPU
		{7E912ABA-B45E-49C5-B3FC-5B22A5401B60}.Debug|Mixed Platforms.ActiveCfg = Debug|Any CPU
		{7E912ABA-B45E-49C5-B3FC-5B22A5401B60}.Debug|Mixed Platforms.Build.0 = Debug|Any CPU
		{7E912ABA-B45E-49C5-B3FC-5B22A5401B60}.Debug|x86.ActiveCfg = Debug|Any CPU
		{7E912ABA-B45E-49C5-B3FC-5B22A5401B60}.Debug|x86.Build.0 = Debug|Any CPU
		{7E912ABA-B45E-49C5-B3FC-5B22A5401B60}.Release|.NET.ActiveCfg = Release|Any CPU
		{7E912ABA-B45E-49C5-B3FC-5B22A5401B60}.Release|.NET.Build.0 = Release|Any CPU
		{7E912ABA-B45E-49C5-B3FC-5B22A5401B60}.Release|Any CPU.ActiveCfg = Release|Any CPU
		{7E912ABA-B45E-49C5-B3FC-5B22A5401B60}.Release|Any CPU.Build.0 = Release|Any CPU
		{7E912ABA-B45E-49C5-B3FC-5B22A5401B60}.Release|Mixed Platforms.ActiveCfg = Release|Any CPU
		{7E912ABA-B45E-49C5-B3FC-5B22A5401B60}.Release|Mixed Platforms.Build.0 = Release|Any CPU
		{7E912ABA-B45E-49C5-B3FC-5B22A5401B60}.Release|x86.ActiveCfg = Release|Any CPU
		{7E912ABA-B45E-49C5-B3FC-5B22A5401B60}.Release|x86.Build.0 = Release|Any CPU
		{4A54B17D-EB70-4BB1-BCE4-33D7083DAC31}.Debug|.NET.ActiveCfg = Debug|Any CPU
		{4A54B17D-EB70-4BB1-BCE4-33D7083DAC31}.Debug|Any CPU.ActiveCfg = Debug|Any CPU
		{4A54B17D-EB70-4BB1-BCE4-33D7083DAC31}.Debug|Any CPU.Build.0 = Debug|Any CPU
		{4A54B17D-EB70-4BB1-BCE4-33D7083DAC31}.Debug|Mixed Platforms.ActiveCfg = Debug|Any CPU
		{4A54B17D-EB70-4BB1-BCE4-33D7083DAC31}.Debug|Mixed Platforms.Build.0 = Debug|Any CPU
		{4A54B17D-EB70-4BB1-BCE4-33D7083DAC31}.Debug|x86.ActiveCfg = Debug|Any CPU
		{4A54B17D-EB70-4BB1-BCE4-33D7083DAC31}.Debug|x86.Build.0 = Debug|Any CPU
		{4A54B17D-EB70-4BB1-BCE4-33D7083DAC31}.Release|.NET.ActiveCfg = Release|Any CPU
		{4A54B17D-EB70-4BB1-BCE4-33D7083DAC31}.Release|Any CPU.ActiveCfg = Release|Any CPU
		{4A54B17D-EB70-4BB1-BCE4-33D7083DAC31}.Release|Any CPU.Build.0 = Release|Any CPU
		{4A54B17D-EB70-4BB1-BCE4-33D7083DAC31}.Release|Mixed Platforms.ActiveCfg = Release|Any CPU
		{4A54B17D-EB70-4BB1-BCE4-33D7083DAC31}.Release|Mixed Platforms.Build.0 = Release|Any CPU
		{4A54B17D-EB70-4BB1-BCE4-33D7083DAC31}.Release|x86.ActiveCfg = Release|Any CPU
		{884508CC-987E-4CAC-8A66-7A48463D3947}.Debug|.NET.ActiveCfg = Debug|Any CPU
		{884508CC-987E-4CAC-8A66-7A48463D3947}.Debug|Any CPU.ActiveCfg = Debug|Any CPU
		{884508CC-987E-4CAC-8A66-7A48463D3947}.Debug|Any CPU.Build.0 = Debug|Any CPU
		{884508CC-987E-4CAC-8A66-7A48463D3947}.Debug|Mixed Platforms.ActiveCfg = Debug|Any CPU
		{884508CC-987E-4CAC-8A66-7A48463D3947}.Debug|Mixed Platforms.Build.0 = Debug|Any CPU
		{884508CC-987E-4CAC-8A66-7A48463D3947}.Debug|x86.ActiveCfg = Debug|Any CPU
		{884508CC-987E-4CAC-8A66-7A48463D3947}.Release|.NET.ActiveCfg = Release|Any CPU
		{884508CC-987E-4CAC-8A66-7A48463D3947}.Release|Any CPU.ActiveCfg = Release|Any CPU
		{884508CC-987E-4CAC-8A66-7A48463D3947}.Release|Any CPU.Build.0 = Release|Any CPU
		{884508CC-987E-4CAC-8A66-7A48463D3947}.Release|Mixed Platforms.ActiveCfg = Release|Any CPU
		{884508CC-987E-4CAC-8A66-7A48463D3947}.Release|Mixed Platforms.Build.0 = Release|Any CPU
		{884508CC-987E-4CAC-8A66-7A48463D3947}.Release|x86.ActiveCfg = Release|Any CPU
		{A4DDFD4F-B210-48DE-B323-03C89DC3BFF7}.Debug|.NET.ActiveCfg = Debug|Any CPU
		{A4DDFD4F-B210-48DE-B323-03C89DC3BFF7}.Debug|.NET.Build.0 = Debug|Any CPU
		{A4DDFD4F-B210-48DE-B323-03C89DC3BFF7}.Debug|Any CPU.ActiveCfg = Debug|Any CPU
		{A4DDFD4F-B210-48DE-B323-03C89DC3BFF7}.Debug|Any CPU.Build.0 = Debug|Any CPU
		{A4DDFD4F-B210-48DE-B323-03C89DC3BFF7}.Debug|Mixed Platforms.ActiveCfg = Debug|Any CPU
		{A4DDFD4F-B210-48DE-B323-03C89DC3BFF7}.Debug|Mixed Platforms.Build.0 = Debug|Any CPU
		{A4DDFD4F-B210-48DE-B323-03C89DC3BFF7}.Debug|x86.ActiveCfg = Debug|Any CPU
		{A4DDFD4F-B210-48DE-B323-03C89DC3BFF7}.Debug|x86.Build.0 = Debug|Any CPU
		{A4DDFD4F-B210-48DE-B323-03C89DC3BFF7}.Release|.NET.ActiveCfg = Release|Any CPU
		{A4DDFD4F-B210-48DE-B323-03C89DC3BFF7}.Release|.NET.Build.0 = Release|Any CPU
		{A4DDFD4F-B210-48DE-B323-03C89DC3BFF7}.Release|Any CPU.ActiveCfg = Release|Any CPU
		{A4DDFD4F-B210-48DE-B323-03C89DC3BFF7}.Release|Any CPU.Build.0 = Release|Any CPU
		{A4DDFD4F-B210-48DE-B323-03C89DC3BFF7}.Release|Mixed Platforms.ActiveCfg = Release|Any CPU
		{A4DDFD4F-B210-48DE-B323-03C89DC3BFF7}.Release|Mixed Platforms.Build.0 = Release|Any CPU
		{A4DDFD4F-B210-48DE-B323-03C89DC3BFF7}.Release|x86.ActiveCfg = Release|Any CPU
		{A4DDFD4F-B210-48DE-B323-03C89DC3BFF7}.Release|x86.Build.0 = Release|Any CPU
		{D8352878-48DF-4E71-996B-7D5E51199ED4}.Debug|.NET.ActiveCfg = Debug|Any CPU
		{D8352878-48DF-4E71-996B-7D5E51199ED4}.Debug|.NET.Build.0 = Debug|Any CPU
		{D8352878-48DF-4E71-996B-7D5E51199ED4}.Debug|Any CPU.ActiveCfg = Debug|Any CPU
		{D8352878-48DF-4E71-996B-7D5E51199ED4}.Debug|Any CPU.Build.0 = Debug|Any CPU
		{D8352878-48DF-4E71-996B-7D5E51199ED4}.Debug|Mixed Platforms.ActiveCfg = Debug|Any CPU
		{D8352878-48DF-4E71-996B-7D5E51199ED4}.Debug|Mixed Platforms.Build.0 = Debug|Any CPU
		{D8352878-48DF-4E71-996B-7D5E51199ED4}.Debug|x86.ActiveCfg = Debug|Any CPU
		{D8352878-48DF-4E71-996B-7D5E51199ED4}.Debug|x86.Build.0 = Debug|Any CPU
		{D8352878-48DF-4E71-996B-7D5E51199ED4}.Release|.NET.ActiveCfg = Release|Any CPU
		{D8352878-48DF-4E71-996B-7D5E51199ED4}.Release|.NET.Build.0 = Release|Any CPU
		{D8352878-48DF-4E71-996B-7D5E51199ED4}.Release|Any CPU.ActiveCfg = Release|Any CPU
		{D8352878-48DF-4E71-996B-7D5E51199ED4}.Release|Any CPU.Build.0 = Release|Any CPU
		{D8352878-48DF-4E71-996B-7D5E51199ED4}.Release|Mixed Platforms.ActiveCfg = Release|Any CPU
		{D8352878-48DF-4E71-996B-7D5E51199ED4}.Release|Mixed Platforms.Build.0 = Release|Any CPU
		{D8352878-48DF-4E71-996B-7D5E51199ED4}.Release|x86.ActiveCfg = Release|Any CPU
		{D8352878-48DF-4E71-996B-7D5E51199ED4}.Release|x86.Build.0 = Release|Any CPU
		{8E0FD5C8-5DCA-4559-940D-C1C8325A36C6}.Debug|.NET.ActiveCfg = Debug|Any CPU
		{8E0FD5C8-5DCA-4559-940D-C1C8325A36C6}.Debug|Any CPU.ActiveCfg = Debug|Any CPU
		{8E0FD5C8-5DCA-4559-940D-C1C8325A36C6}.Debug|Any CPU.Build.0 = Debug|Any CPU
		{8E0FD5C8-5DCA-4559-940D-C1C8325A36C6}.Debug|Mixed Platforms.ActiveCfg = Debug|Any CPU
		{8E0FD5C8-5DCA-4559-940D-C1C8325A36C6}.Debug|Mixed Platforms.Build.0 = Debug|Any CPU
		{8E0FD5C8-5DCA-4559-940D-C1C8325A36C6}.Debug|x86.ActiveCfg = Debug|Any CPU
		{8E0FD5C8-5DCA-4559-940D-C1C8325A36C6}.Release|.NET.ActiveCfg = Release|Any CPU
		{8E0FD5C8-5DCA-4559-940D-C1C8325A36C6}.Release|Any CPU.ActiveCfg = Release|Any CPU
		{8E0FD5C8-5DCA-4559-940D-C1C8325A36C6}.Release|Any CPU.Build.0 = Release|Any CPU
		{8E0FD5C8-5DCA-4559-940D-C1C8325A36C6}.Release|Mixed Platforms.ActiveCfg = Release|Any CPU
		{8E0FD5C8-5DCA-4559-940D-C1C8325A36C6}.Release|Mixed Platforms.Build.0 = Release|Any CPU
		{8E0FD5C8-5DCA-4559-940D-C1C8325A36C6}.Release|x86.ActiveCfg = Release|Any CPU
		{CA8FFD95-DBF8-47AD-B2A7-EB5329D82BCF}.Debug|.NET.ActiveCfg = Debug|Any CPU
		{CA8FFD95-DBF8-47AD-B2A7-EB5329D82BCF}.Debug|.NET.Build.0 = Debug|Any CPU
		{CA8FFD95-DBF8-47AD-B2A7-EB5329D82BCF}.Debug|Any CPU.ActiveCfg = Debug|Any CPU
		{CA8FFD95-DBF8-47AD-B2A7-EB5329D82BCF}.Debug|Any CPU.Build.0 = Debug|Any CPU
		{CA8FFD95-DBF8-47AD-B2A7-EB5329D82BCF}.Debug|Mixed Platforms.ActiveCfg = Debug|Any CPU
		{CA8FFD95-DBF8-47AD-B2A7-EB5329D82BCF}.Debug|Mixed Platforms.Build.0 = Debug|Any CPU
		{CA8FFD95-DBF8-47AD-B2A7-EB5329D82BCF}.Debug|x86.ActiveCfg = Debug|Any CPU
		{CA8FFD95-DBF8-47AD-B2A7-EB5329D82BCF}.Debug|x86.Build.0 = Debug|Any CPU
		{CA8FFD95-DBF8-47AD-B2A7-EB5329D82BCF}.Release|.NET.ActiveCfg = Release|Any CPU
		{CA8FFD95-DBF8-47AD-B2A7-EB5329D82BCF}.Release|.NET.Build.0 = Release|Any CPU
		{CA8FFD95-DBF8-47AD-B2A7-EB5329D82BCF}.Release|Any CPU.ActiveCfg = Release|Any CPU
		{CA8FFD95-DBF8-47AD-B2A7-EB5329D82BCF}.Release|Any CPU.Build.0 = Release|Any CPU
		{CA8FFD95-DBF8-47AD-B2A7-EB5329D82BCF}.Release|Mixed Platforms.ActiveCfg = Release|Any CPU
		{CA8FFD95-DBF8-47AD-B2A7-EB5329D82BCF}.Release|Mixed Platforms.Build.0 = Release|Any CPU
		{CA8FFD95-DBF8-47AD-B2A7-EB5329D82BCF}.Release|x86.ActiveCfg = Release|Any CPU
		{CA8FFD95-DBF8-47AD-B2A7-EB5329D82BCF}.Release|x86.Build.0 = Release|Any CPU
		{616D50C9-BB95-4953-846F-C1EC1491307E}.Debug|.NET.ActiveCfg = Debug|Any CPU
		{616D50C9-BB95-4953-846F-C1EC1491307E}.Debug|.NET.Build.0 = Debug|Any CPU
		{616D50C9-BB95-4953-846F-C1EC1491307E}.Debug|Any CPU.ActiveCfg = Debug|Any CPU
		{616D50C9-BB95-4953-846F-C1EC1491307E}.Debug|Any CPU.Build.0 = Debug|Any CPU
		{616D50C9-BB95-4953-846F-C1EC1491307E}.Debug|Mixed Platforms.ActiveCfg = Debug|Any CPU
		{616D50C9-BB95-4953-846F-C1EC1491307E}.Debug|Mixed Platforms.Build.0 = Debug|Any CPU
		{616D50C9-BB95-4953-846F-C1EC1491307E}.Debug|x86.ActiveCfg = Debug|Any CPU
		{616D50C9-BB95-4953-846F-C1EC1491307E}.Debug|x86.Build.0 = Debug|Any CPU
		{616D50C9-BB95-4953-846F-C1EC1491307E}.Release|.NET.ActiveCfg = Release|Any CPU
		{616D50C9-BB95-4953-846F-C1EC1491307E}.Release|.NET.Build.0 = Release|Any CPU
		{616D50C9-BB95-4953-846F-C1EC1491307E}.Release|Any CPU.ActiveCfg = Release|Any CPU
		{616D50C9-BB95-4953-846F-C1EC1491307E}.Release|Any CPU.Build.0 = Release|Any CPU
		{616D50C9-BB95-4953-846F-C1EC1491307E}.Release|Mixed Platforms.ActiveCfg = Release|Any CPU
		{616D50C9-BB95-4953-846F-C1EC1491307E}.Release|Mixed Platforms.Build.0 = Release|Any CPU
		{616D50C9-BB95-4953-846F-C1EC1491307E}.Release|x86.ActiveCfg = Release|Any CPU
		{616D50C9-BB95-4953-846F-C1EC1491307E}.Release|x86.Build.0 = Release|Any CPU
		{767CA2F9-93BF-474D-B6BA-E97A03A8DDF9}.Debug|.NET.ActiveCfg = Debug|Any CPU
		{767CA2F9-93BF-474D-B6BA-E97A03A8DDF9}.Debug|.NET.Build.0 = Debug|Any CPU
		{767CA2F9-93BF-474D-B6BA-E97A03A8DDF9}.Debug|Any CPU.ActiveCfg = Debug|Any CPU
		{767CA2F9-93BF-474D-B6BA-E97A03A8DDF9}.Debug|Any CPU.Build.0 = Debug|Any CPU
		{767CA2F9-93BF-474D-B6BA-E97A03A8DDF9}.Debug|Mixed Platforms.ActiveCfg = Debug|Any CPU
		{767CA2F9-93BF-474D-B6BA-E97A03A8DDF9}.Debug|Mixed Platforms.Build.0 = Debug|Any CPU
		{767CA2F9-93BF-474D-B6BA-E97A03A8DDF9}.Debug|x86.ActiveCfg = Debug|Any CPU
		{767CA2F9-93BF-474D-B6BA-E97A03A8DDF9}.Debug|x86.Build.0 = Debug|Any CPU
		{767CA2F9-93BF-474D-B6BA-E97A03A8DDF9}.Release|.NET.ActiveCfg = Release|Any CPU
		{767CA2F9-93BF-474D-B6BA-E97A03A8DDF9}.Release|.NET.Build.0 = Release|Any CPU
		{767CA2F9-93BF-474D-B6BA-E97A03A8DDF9}.Release|Any CPU.ActiveCfg = Release|Any CPU
		{767CA2F9-93BF-474D-B6BA-E97A03A8DDF9}.Release|Any CPU.Build.0 = Release|Any CPU
		{767CA2F9-93BF-474D-B6BA-E97A03A8DDF9}.Release|Mixed Platforms.ActiveCfg = Release|Any CPU
		{767CA2F9-93BF-474D-B6BA-E97A03A8DDF9}.Release|Mixed Platforms.Build.0 = Release|Any CPU
		{767CA2F9-93BF-474D-B6BA-E97A03A8DDF9}.Release|x86.ActiveCfg = Release|Any CPU
		{767CA2F9-93BF-474D-B6BA-E97A03A8DDF9}.Release|x86.Build.0 = Release|Any CPU
		{118E5BFC-B56F-430B-AC70-D7F9AFF6B760}.Debug|.NET.ActiveCfg = Debug|Any CPU
		{118E5BFC-B56F-430B-AC70-D7F9AFF6B760}.Debug|.NET.Build.0 = Debug|Any CPU
		{118E5BFC-B56F-430B-AC70-D7F9AFF6B760}.Debug|Any CPU.ActiveCfg = Debug|Any CPU
		{118E5BFC-B56F-430B-AC70-D7F9AFF6B760}.Debug|Any CPU.Build.0 = Debug|Any CPU
		{118E5BFC-B56F-430B-AC70-D7F9AFF6B760}.Debug|Mixed Platforms.ActiveCfg = Debug|Any CPU
		{118E5BFC-B56F-430B-AC70-D7F9AFF6B760}.Debug|Mixed Platforms.Build.0 = Debug|Any CPU
		{118E5BFC-B56F-430B-AC70-D7F9AFF6B760}.Debug|x86.ActiveCfg = Debug|Any CPU
		{118E5BFC-B56F-430B-AC70-D7F9AFF6B760}.Debug|x86.Build.0 = Debug|Any CPU
		{118E5BFC-B56F-430B-AC70-D7F9AFF6B760}.Release|.NET.ActiveCfg = Release|Any CPU
		{118E5BFC-B56F-430B-AC70-D7F9AFF6B760}.Release|.NET.Build.0 = Release|Any CPU
		{118E5BFC-B56F-430B-AC70-D7F9AFF6B760}.Release|Any CPU.ActiveCfg = Release|Any CPU
		{118E5BFC-B56F-430B-AC70-D7F9AFF6B760}.Release|Any CPU.Build.0 = Release|Any CPU
		{118E5BFC-B56F-430B-AC70-D7F9AFF6B760}.Release|Mixed Platforms.ActiveCfg = Release|Any CPU
		{118E5BFC-B56F-430B-AC70-D7F9AFF6B760}.Release|Mixed Platforms.Build.0 = Release|Any CPU
		{118E5BFC-B56F-430B-AC70-D7F9AFF6B760}.Release|x86.ActiveCfg = Release|Any CPU
		{118E5BFC-B56F-430B-AC70-D7F9AFF6B760}.Release|x86.Build.0 = Release|Any CPU
		{72DD3FC3-494C-429C-A299-11EDBF6FACAF}.Debug|.NET.ActiveCfg = Debug|Any CPU
		{72DD3FC3-494C-429C-A299-11EDBF6FACAF}.Debug|.NET.Build.0 = Debug|Any CPU
		{72DD3FC3-494C-429C-A299-11EDBF6FACAF}.Debug|Any CPU.ActiveCfg = Debug|Any CPU
		{72DD3FC3-494C-429C-A299-11EDBF6FACAF}.Debug|Any CPU.Build.0 = Debug|Any CPU
		{72DD3FC3-494C-429C-A299-11EDBF6FACAF}.Debug|Mixed Platforms.ActiveCfg = Debug|Any CPU
		{72DD3FC3-494C-429C-A299-11EDBF6FACAF}.Debug|Mixed Platforms.Build.0 = Debug|Any CPU
		{72DD3FC3-494C-429C-A299-11EDBF6FACAF}.Debug|x86.ActiveCfg = Debug|Any CPU
		{72DD3FC3-494C-429C-A299-11EDBF6FACAF}.Debug|x86.Build.0 = Debug|Any CPU
		{72DD3FC3-494C-429C-A299-11EDBF6FACAF}.Release|.NET.ActiveCfg = Release|Any CPU
		{72DD3FC3-494C-429C-A299-11EDBF6FACAF}.Release|.NET.Build.0 = Release|Any CPU
		{72DD3FC3-494C-429C-A299-11EDBF6FACAF}.Release|Any CPU.ActiveCfg = Release|Any CPU
		{72DD3FC3-494C-429C-A299-11EDBF6FACAF}.Release|Any CPU.Build.0 = Release|Any CPU
		{72DD3FC3-494C-429C-A299-11EDBF6FACAF}.Release|Mixed Platforms.ActiveCfg = Release|Any CPU
		{72DD3FC3-494C-429C-A299-11EDBF6FACAF}.Release|Mixed Platforms.Build.0 = Release|Any CPU
		{72DD3FC3-494C-429C-A299-11EDBF6FACAF}.Release|x86.ActiveCfg = Release|Any CPU
		{72DD3FC3-494C-429C-A299-11EDBF6FACAF}.Release|x86.Build.0 = Release|Any CPU
		{83A9EAC4-9552-47F2-BF62-DBFD1B5A3C4F}.Debug|.NET.ActiveCfg = Debug|Any CPU
		{83A9EAC4-9552-47F2-BF62-DBFD1B5A3C4F}.Debug|.NET.Build.0 = Debug|Any CPU
		{83A9EAC4-9552-47F2-BF62-DBFD1B5A3C4F}.Debug|Any CPU.ActiveCfg = Debug|Any CPU
		{83A9EAC4-9552-47F2-BF62-DBFD1B5A3C4F}.Debug|Any CPU.Build.0 = Debug|Any CPU
		{83A9EAC4-9552-47F2-BF62-DBFD1B5A3C4F}.Debug|Mixed Platforms.ActiveCfg = Debug|Any CPU
		{83A9EAC4-9552-47F2-BF62-DBFD1B5A3C4F}.Debug|Mixed Platforms.Build.0 = Debug|Any CPU
		{83A9EAC4-9552-47F2-BF62-DBFD1B5A3C4F}.Debug|x86.ActiveCfg = Debug|Any CPU
		{83A9EAC4-9552-47F2-BF62-DBFD1B5A3C4F}.Debug|x86.Build.0 = Debug|Any CPU
		{83A9EAC4-9552-47F2-BF62-DBFD1B5A3C4F}.Release|.NET.ActiveCfg = Release|Any CPU
		{83A9EAC4-9552-47F2-BF62-DBFD1B5A3C4F}.Release|.NET.Build.0 = Release|Any CPU
		{83A9EAC4-9552-47F2-BF62-DBFD1B5A3C4F}.Release|Any CPU.ActiveCfg = Release|Any CPU
		{83A9EAC4-9552-47F2-BF62-DBFD1B5A3C4F}.Release|Any CPU.Build.0 = Release|Any CPU
		{83A9EAC4-9552-47F2-BF62-DBFD1B5A3C4F}.Release|Mixed Platforms.ActiveCfg = Release|Any CPU
		{83A9EAC4-9552-47F2-BF62-DBFD1B5A3C4F}.Release|Mixed Platforms.Build.0 = Release|Any CPU
		{83A9EAC4-9552-47F2-BF62-DBFD1B5A3C4F}.Release|x86.ActiveCfg = Release|Any CPU
		{83A9EAC4-9552-47F2-BF62-DBFD1B5A3C4F}.Release|x86.Build.0 = Release|Any CPU
		{F5A0CFAA-C9A5-4BDA-9D65-951FFC9AE2D6}.Debug|.NET.ActiveCfg = Debug|Any CPU
		{F5A0CFAA-C9A5-4BDA-9D65-951FFC9AE2D6}.Debug|.NET.Build.0 = Debug|Any CPU
		{F5A0CFAA-C9A5-4BDA-9D65-951FFC9AE2D6}.Debug|Any CPU.ActiveCfg = Debug|Any CPU
		{F5A0CFAA-C9A5-4BDA-9D65-951FFC9AE2D6}.Debug|Any CPU.Build.0 = Debug|Any CPU
		{F5A0CFAA-C9A5-4BDA-9D65-951FFC9AE2D6}.Debug|Mixed Platforms.ActiveCfg = Debug|Any CPU
		{F5A0CFAA-C9A5-4BDA-9D65-951FFC9AE2D6}.Debug|Mixed Platforms.Build.0 = Debug|Any CPU
		{F5A0CFAA-C9A5-4BDA-9D65-951FFC9AE2D6}.Debug|x86.ActiveCfg = Debug|Any CPU
		{F5A0CFAA-C9A5-4BDA-9D65-951FFC9AE2D6}.Debug|x86.Build.0 = Debug|Any CPU
		{F5A0CFAA-C9A5-4BDA-9D65-951FFC9AE2D6}.Release|.NET.ActiveCfg = Release|Any CPU
		{F5A0CFAA-C9A5-4BDA-9D65-951FFC9AE2D6}.Release|.NET.Build.0 = Release|Any CPU
		{F5A0CFAA-C9A5-4BDA-9D65-951FFC9AE2D6}.Release|Any CPU.ActiveCfg = Release|Any CPU
		{F5A0CFAA-C9A5-4BDA-9D65-951FFC9AE2D6}.Release|Any CPU.Build.0 = Release|Any CPU
		{F5A0CFAA-C9A5-4BDA-9D65-951FFC9AE2D6}.Release|Mixed Platforms.ActiveCfg = Release|Any CPU
		{F5A0CFAA-C9A5-4BDA-9D65-951FFC9AE2D6}.Release|Mixed Platforms.Build.0 = Release|Any CPU
		{F5A0CFAA-C9A5-4BDA-9D65-951FFC9AE2D6}.Release|x86.ActiveCfg = Release|Any CPU
		{F5A0CFAA-C9A5-4BDA-9D65-951FFC9AE2D6}.Release|x86.Build.0 = Release|Any CPU
		{F3A8E9AA-EF2B-4BAE-8AF2-9257DA71B703}.Debug|.NET.ActiveCfg = Debug|Any CPU
		{F3A8E9AA-EF2B-4BAE-8AF2-9257DA71B703}.Debug|.NET.Build.0 = Debug|Any CPU
		{F3A8E9AA-EF2B-4BAE-8AF2-9257DA71B703}.Debug|Any CPU.ActiveCfg = Debug|Any CPU
		{F3A8E9AA-EF2B-4BAE-8AF2-9257DA71B703}.Debug|Any CPU.Build.0 = Debug|Any CPU
		{F3A8E9AA-EF2B-4BAE-8AF2-9257DA71B703}.Debug|Mixed Platforms.ActiveCfg = Debug|Any CPU
		{F3A8E9AA-EF2B-4BAE-8AF2-9257DA71B703}.Debug|Mixed Platforms.Build.0 = Debug|Any CPU
		{F3A8E9AA-EF2B-4BAE-8AF2-9257DA71B703}.Debug|x86.ActiveCfg = Debug|Any CPU
		{F3A8E9AA-EF2B-4BAE-8AF2-9257DA71B703}.Debug|x86.Build.0 = Debug|Any CPU
		{F3A8E9AA-EF2B-4BAE-8AF2-9257DA71B703}.Release|.NET.ActiveCfg = Release|Any CPU
		{F3A8E9AA-EF2B-4BAE-8AF2-9257DA71B703}.Release|.NET.Build.0 = Release|Any CPU
		{F3A8E9AA-EF2B-4BAE-8AF2-9257DA71B703}.Release|Any CPU.ActiveCfg = Release|Any CPU
		{F3A8E9AA-EF2B-4BAE-8AF2-9257DA71B703}.Release|Any CPU.Build.0 = Release|Any CPU
		{F3A8E9AA-EF2B-4BAE-8AF2-9257DA71B703}.Release|Mixed Platforms.ActiveCfg = Release|Any CPU
		{F3A8E9AA-EF2B-4BAE-8AF2-9257DA71B703}.Release|Mixed Platforms.Build.0 = Release|Any CPU
		{F3A8E9AA-EF2B-4BAE-8AF2-9257DA71B703}.Release|x86.ActiveCfg = Release|Any CPU
		{F3A8E9AA-EF2B-4BAE-8AF2-9257DA71B703}.Release|x86.Build.0 = Release|Any CPU
		{50040FF9-7194-4A95-B673-78F29B8BF4B5}.Debug|.NET.ActiveCfg = Debug|Any CPU
		{50040FF9-7194-4A95-B673-78F29B8BF4B5}.Debug|.NET.Build.0 = Debug|Any CPU
		{50040FF9-7194-4A95-B673-78F29B8BF4B5}.Debug|Any CPU.ActiveCfg = Debug|Any CPU
		{50040FF9-7194-4A95-B673-78F29B8BF4B5}.Debug|Any CPU.Build.0 = Debug|Any CPU
		{50040FF9-7194-4A95-B673-78F29B8BF4B5}.Debug|Mixed Platforms.ActiveCfg = Debug|Any CPU
		{50040FF9-7194-4A95-B673-78F29B8BF4B5}.Debug|Mixed Platforms.Build.0 = Debug|Any CPU
		{50040FF9-7194-4A95-B673-78F29B8BF4B5}.Debug|x86.ActiveCfg = Debug|Any CPU
		{50040FF9-7194-4A95-B673-78F29B8BF4B5}.Debug|x86.Build.0 = Debug|Any CPU
		{50040FF9-7194-4A95-B673-78F29B8BF4B5}.Release|.NET.ActiveCfg = Release|Any CPU
		{50040FF9-7194-4A95-B673-78F29B8BF4B5}.Release|.NET.Build.0 = Release|Any CPU
		{50040FF9-7194-4A95-B673-78F29B8BF4B5}.Release|Any CPU.ActiveCfg = Release|Any CPU
		{50040FF9-7194-4A95-B673-78F29B8BF4B5}.Release|Any CPU.Build.0 = Release|Any CPU
		{50040FF9-7194-4A95-B673-78F29B8BF4B5}.Release|Mixed Platforms.ActiveCfg = Release|Any CPU
		{50040FF9-7194-4A95-B673-78F29B8BF4B5}.Release|Mixed Platforms.Build.0 = Release|Any CPU
		{50040FF9-7194-4A95-B673-78F29B8BF4B5}.Release|x86.ActiveCfg = Release|Any CPU
		{50040FF9-7194-4A95-B673-78F29B8BF4B5}.Release|x86.Build.0 = Release|Any CPU
		{D319FC4B-53A2-4E46-80B0-A405261F19D9}.Debug|.NET.ActiveCfg = Debug|Any CPU
		{D319FC4B-53A2-4E46-80B0-A405261F19D9}.Debug|.NET.Build.0 = Debug|Any CPU
		{D319FC4B-53A2-4E46-80B0-A405261F19D9}.Debug|Any CPU.ActiveCfg = Debug|Any CPU
		{D319FC4B-53A2-4E46-80B0-A405261F19D9}.Debug|Any CPU.Build.0 = Debug|Any CPU
		{D319FC4B-53A2-4E46-80B0-A405261F19D9}.Debug|Mixed Platforms.ActiveCfg = Debug|Any CPU
		{D319FC4B-53A2-4E46-80B0-A405261F19D9}.Debug|Mixed Platforms.Build.0 = Debug|Any CPU
		{D319FC4B-53A2-4E46-80B0-A405261F19D9}.Debug|x86.ActiveCfg = Debug|Any CPU
		{D319FC4B-53A2-4E46-80B0-A405261F19D9}.Debug|x86.Build.0 = Debug|Any CPU
		{D319FC4B-53A2-4E46-80B0-A405261F19D9}.Release|.NET.ActiveCfg = Release|Any CPU
		{D319FC4B-53A2-4E46-80B0-A405261F19D9}.Release|.NET.Build.0 = Release|Any CPU
		{D319FC4B-53A2-4E46-80B0-A405261F19D9}.Release|Any CPU.ActiveCfg = Release|Any CPU
		{D319FC4B-53A2-4E46-80B0-A405261F19D9}.Release|Any CPU.Build.0 = Release|Any CPU
		{D319FC4B-53A2-4E46-80B0-A405261F19D9}.Release|Mixed Platforms.ActiveCfg = Release|Any CPU
		{D319FC4B-53A2-4E46-80B0-A405261F19D9}.Release|Mixed Platforms.Build.0 = Release|Any CPU
		{D319FC4B-53A2-4E46-80B0-A405261F19D9}.Release|x86.ActiveCfg = Release|Any CPU
		{D319FC4B-53A2-4E46-80B0-A405261F19D9}.Release|x86.Build.0 = Release|Any CPU
		{99FCC209-D55D-4B33-A0D7-0A5B01F7806D}.Debug|.NET.ActiveCfg = Debug|Any CPU
		{99FCC209-D55D-4B33-A0D7-0A5B01F7806D}.Debug|.NET.Build.0 = Debug|Any CPU
		{99FCC209-D55D-4B33-A0D7-0A5B01F7806D}.Debug|Any CPU.ActiveCfg = Debug|Any CPU
		{99FCC209-D55D-4B33-A0D7-0A5B01F7806D}.Debug|Any CPU.Build.0 = Debug|Any CPU
		{99FCC209-D55D-4B33-A0D7-0A5B01F7806D}.Debug|Mixed Platforms.ActiveCfg = Debug|Any CPU
		{99FCC209-D55D-4B33-A0D7-0A5B01F7806D}.Debug|Mixed Platforms.Build.0 = Debug|Any CPU
		{99FCC209-D55D-4B33-A0D7-0A5B01F7806D}.Debug|x86.ActiveCfg = Debug|Any CPU
		{99FCC209-D55D-4B33-A0D7-0A5B01F7806D}.Debug|x86.Build.0 = Debug|Any CPU
		{99FCC209-D55D-4B33-A0D7-0A5B01F7806D}.Release|.NET.ActiveCfg = Release|Any CPU
		{99FCC209-D55D-4B33-A0D7-0A5B01F7806D}.Release|.NET.Build.0 = Release|Any CPU
		{99FCC209-D55D-4B33-A0D7-0A5B01F7806D}.Release|Any CPU.ActiveCfg = Release|Any CPU
		{99FCC209-D55D-4B33-A0D7-0A5B01F7806D}.Release|Any CPU.Build.0 = Release|Any CPU
		{99FCC209-D55D-4B33-A0D7-0A5B01F7806D}.Release|Mixed Platforms.ActiveCfg = Release|Any CPU
		{99FCC209-D55D-4B33-A0D7-0A5B01F7806D}.Release|Mixed Platforms.Build.0 = Release|Any CPU
		{99FCC209-D55D-4B33-A0D7-0A5B01F7806D}.Release|x86.ActiveCfg = Release|Any CPU
		{99FCC209-D55D-4B33-A0D7-0A5B01F7806D}.Release|x86.Build.0 = Release|Any CPU
		{08A65E99-8F1C-48A2-BC81-738314CFBB51}.Debug|.NET.ActiveCfg = Debug|Any CPU
		{08A65E99-8F1C-48A2-BC81-738314CFBB51}.Debug|.NET.Build.0 = Debug|Any CPU
		{08A65E99-8F1C-48A2-BC81-738314CFBB51}.Debug|Any CPU.ActiveCfg = Debug|Any CPU
		{08A65E99-8F1C-48A2-BC81-738314CFBB51}.Debug|Any CPU.Build.0 = Debug|Any CPU
		{08A65E99-8F1C-48A2-BC81-738314CFBB51}.Debug|Mixed Platforms.ActiveCfg = Debug|Any CPU
		{08A65E99-8F1C-48A2-BC81-738314CFBB51}.Debug|Mixed Platforms.Build.0 = Debug|Any CPU
		{08A65E99-8F1C-48A2-BC81-738314CFBB51}.Debug|x86.ActiveCfg = Debug|Any CPU
		{08A65E99-8F1C-48A2-BC81-738314CFBB51}.Debug|x86.Build.0 = Debug|Any CPU
		{08A65E99-8F1C-48A2-BC81-738314CFBB51}.Release|.NET.ActiveCfg = Release|Any CPU
		{08A65E99-8F1C-48A2-BC81-738314CFBB51}.Release|.NET.Build.0 = Release|Any CPU
		{08A65E99-8F1C-48A2-BC81-738314CFBB51}.Release|Any CPU.ActiveCfg = Release|Any CPU
		{08A65E99-8F1C-48A2-BC81-738314CFBB51}.Release|Any CPU.Build.0 = Release|Any CPU
		{08A65E99-8F1C-48A2-BC81-738314CFBB51}.Release|Mixed Platforms.ActiveCfg = Release|Any CPU
		{08A65E99-8F1C-48A2-BC81-738314CFBB51}.Release|Mixed Platforms.Build.0 = Release|Any CPU
		{08A65E99-8F1C-48A2-BC81-738314CFBB51}.Release|x86.ActiveCfg = Release|Any CPU
		{08A65E99-8F1C-48A2-BC81-738314CFBB51}.Release|x86.Build.0 = Release|Any CPU
		{30116409-2E64-4DEF-8CE0-09450A2B3D7B}.Debug|.NET.ActiveCfg = Debug|Any CPU
		{30116409-2E64-4DEF-8CE0-09450A2B3D7B}.Debug|.NET.Build.0 = Debug|Any CPU
		{30116409-2E64-4DEF-8CE0-09450A2B3D7B}.Debug|Any CPU.ActiveCfg = Debug|Any CPU
		{30116409-2E64-4DEF-8CE0-09450A2B3D7B}.Debug|Any CPU.Build.0 = Debug|Any CPU
		{30116409-2E64-4DEF-8CE0-09450A2B3D7B}.Debug|Mixed Platforms.ActiveCfg = Debug|Any CPU
		{30116409-2E64-4DEF-8CE0-09450A2B3D7B}.Debug|Mixed Platforms.Build.0 = Debug|Any CPU
		{30116409-2E64-4DEF-8CE0-09450A2B3D7B}.Debug|x86.ActiveCfg = Debug|Any CPU
		{30116409-2E64-4DEF-8CE0-09450A2B3D7B}.Debug|x86.Build.0 = Debug|Any CPU
		{30116409-2E64-4DEF-8CE0-09450A2B3D7B}.Release|.NET.ActiveCfg = Release|Any CPU
		{30116409-2E64-4DEF-8CE0-09450A2B3D7B}.Release|.NET.Build.0 = Release|Any CPU
		{30116409-2E64-4DEF-8CE0-09450A2B3D7B}.Release|Any CPU.ActiveCfg = Release|Any CPU
		{30116409-2E64-4DEF-8CE0-09450A2B3D7B}.Release|Any CPU.Build.0 = Release|Any CPU
		{30116409-2E64-4DEF-8CE0-09450A2B3D7B}.Release|Mixed Platforms.ActiveCfg = Release|Any CPU
		{30116409-2E64-4DEF-8CE0-09450A2B3D7B}.Release|Mixed Platforms.Build.0 = Release|Any CPU
		{30116409-2E64-4DEF-8CE0-09450A2B3D7B}.Release|x86.ActiveCfg = Release|Any CPU
		{30116409-2E64-4DEF-8CE0-09450A2B3D7B}.Release|x86.Build.0 = Release|Any CPU
		{79F1EA50-52D9-4BDA-9283-249B7040A994}.Debug|.NET.ActiveCfg = Debug|Any CPU
		{79F1EA50-52D9-4BDA-9283-249B7040A994}.Debug|.NET.Build.0 = Debug|Any CPU
		{79F1EA50-52D9-4BDA-9283-249B7040A994}.Debug|Any CPU.ActiveCfg = Debug|Any CPU
		{79F1EA50-52D9-4BDA-9283-249B7040A994}.Debug|Any CPU.Build.0 = Debug|Any CPU
		{79F1EA50-52D9-4BDA-9283-249B7040A994}.Debug|Mixed Platforms.ActiveCfg = Debug|Any CPU
		{79F1EA50-52D9-4BDA-9283-249B7040A994}.Debug|Mixed Platforms.Build.0 = Debug|Any CPU
		{79F1EA50-52D9-4BDA-9283-249B7040A994}.Debug|x86.ActiveCfg = Debug|Any CPU
		{79F1EA50-52D9-4BDA-9283-249B7040A994}.Debug|x86.Build.0 = Debug|Any CPU
		{79F1EA50-52D9-4BDA-9283-249B7040A994}.Release|.NET.ActiveCfg = Release|Any CPU
		{79F1EA50-52D9-4BDA-9283-249B7040A994}.Release|.NET.Build.0 = Release|Any CPU
		{79F1EA50-52D9-4BDA-9283-249B7040A994}.Release|Any CPU.ActiveCfg = Release|Any CPU
		{79F1EA50-52D9-4BDA-9283-249B7040A994}.Release|Any CPU.Build.0 = Release|Any CPU
		{79F1EA50-52D9-4BDA-9283-249B7040A994}.Release|Mixed Platforms.ActiveCfg = Release|Any CPU
		{79F1EA50-52D9-4BDA-9283-249B7040A994}.Release|Mixed Platforms.Build.0 = Release|Any CPU
		{79F1EA50-52D9-4BDA-9283-249B7040A994}.Release|x86.ActiveCfg = Release|Any CPU
		{79F1EA50-52D9-4BDA-9283-249B7040A994}.Release|x86.Build.0 = Release|Any CPU
		{13EA34B1-FDC1-42B8-BE40-4E9878AB3151}.Debug|.NET.ActiveCfg = Debug|Any CPU
		{13EA34B1-FDC1-42B8-BE40-4E9878AB3151}.Debug|.NET.Build.0 = Debug|Any CPU
		{13EA34B1-FDC1-42B8-BE40-4E9878AB3151}.Debug|Any CPU.ActiveCfg = Debug|Any CPU
		{13EA34B1-FDC1-42B8-BE40-4E9878AB3151}.Debug|Any CPU.Build.0 = Debug|Any CPU
		{13EA34B1-FDC1-42B8-BE40-4E9878AB3151}.Debug|Mixed Platforms.ActiveCfg = Debug|Any CPU
		{13EA34B1-FDC1-42B8-BE40-4E9878AB3151}.Debug|Mixed Platforms.Build.0 = Debug|Any CPU
		{13EA34B1-FDC1-42B8-BE40-4E9878AB3151}.Debug|x86.ActiveCfg = Debug|Any CPU
		{13EA34B1-FDC1-42B8-BE40-4E9878AB3151}.Debug|x86.Build.0 = Debug|Any CPU
		{13EA34B1-FDC1-42B8-BE40-4E9878AB3151}.Release|.NET.ActiveCfg = Release|Any CPU
		{13EA34B1-FDC1-42B8-BE40-4E9878AB3151}.Release|.NET.Build.0 = Release|Any CPU
		{13EA34B1-FDC1-42B8-BE40-4E9878AB3151}.Release|Any CPU.ActiveCfg = Release|Any CPU
		{13EA34B1-FDC1-42B8-BE40-4E9878AB3151}.Release|Any CPU.Build.0 = Release|Any CPU
		{13EA34B1-FDC1-42B8-BE40-4E9878AB3151}.Release|Mixed Platforms.ActiveCfg = Release|Any CPU
		{13EA34B1-FDC1-42B8-BE40-4E9878AB3151}.Release|Mixed Platforms.Build.0 = Release|Any CPU
		{13EA34B1-FDC1-42B8-BE40-4E9878AB3151}.Release|x86.ActiveCfg = Release|Any CPU
		{13EA34B1-FDC1-42B8-BE40-4E9878AB3151}.Release|x86.Build.0 = Release|Any CPU
	EndGlobalSection
	GlobalSection(SolutionProperties) = preSolution
		HideSolutionNode = FALSE
	EndGlobalSection
	GlobalSection(NestedProjects) = preSolution
		{38D7AA58-C95B-449B-86C6-A8073A56E11F} = {CA620E65-0AB1-4280-88FE-EE56FAD7F26A}
		{53995DBB-9836-4647-AD22-865884FDEB9E} = {CA620E65-0AB1-4280-88FE-EE56FAD7F26A}
		{9FE00521-3A8B-42B1-814E-585E99407B2E} = {CA620E65-0AB1-4280-88FE-EE56FAD7F26A}
		{0988C62E-247F-471F-A183-DB509C7A3839} = {CA620E65-0AB1-4280-88FE-EE56FAD7F26A}
		{E3D8759A-C5EB-402D-9F10-F5C6029A8D1A} = {CA620E65-0AB1-4280-88FE-EE56FAD7F26A}
		{8D113D60-BB45-4D8E-8617-4ADC2EEF42CF} = {3F9A535C-0513-451F-92D3-58D71E4A8A6A}
		{A48644E7-B6D8-4DEC-89E6-445638722695} = {3F9A535C-0513-451F-92D3-58D71E4A8A6A}
		{AD00E387-E07F-49AF-8C36-CEB282BB61E7} = {3F9A535C-0513-451F-92D3-58D71E4A8A6A}
		{8C19927D-A1B6-49B8-82A6-6C2FD7D7A037} = {3F9A535C-0513-451F-92D3-58D71E4A8A6A}
		{3D88C54B-7123-49DD-ACCC-A8B70AE111B2} = {3F9A535C-0513-451F-92D3-58D71E4A8A6A}
		{CA4B5748-7DD1-4D0B-98E6-A19D51844F36} = {3F9A535C-0513-451F-92D3-58D71E4A8A6A}
		{981FA098-D3D3-4315-8F56-2593C46545C4} = {3F9A535C-0513-451F-92D3-58D71E4A8A6A}
		{31681C9E-4B0D-432D-912E-B9C2953C8A70} = {3F9A535C-0513-451F-92D3-58D71E4A8A6A}
		{410DDBC9-6C2E-4D0B-BEC3-349608EA7954} = {3F9A535C-0513-451F-92D3-58D71E4A8A6A}
		{F9A0B3B1-C7F9-4617-819F-04AA3B3DDE71} = {3F9A535C-0513-451F-92D3-58D71E4A8A6A}
		{B21EDFDC-CBC2-4F49-8A77-CFFBD35687AB} = {3F9A535C-0513-451F-92D3-58D71E4A8A6A}
		{C30D12F5-705D-40E6-9285-BA0E32383176} = {3F9A535C-0513-451F-92D3-58D71E4A8A6A}
		{E499E847-718B-4191-B5C3-38F5E721D054} = {3F9A535C-0513-451F-92D3-58D71E4A8A6A}
		{6790B4EE-D680-4D7A-92E3-B000877D9343} = {3F9A535C-0513-451F-92D3-58D71E4A8A6A}
		{F38D6E57-152D-4E66-B201-8CC81E6612A6} = {8DB4C9BD-9134-44AB-B8CC-966001379ED6}
		{3FE063B6-57A1-4890-98CF-C23811BCBDD9} = {CA620E65-0AB1-4280-88FE-EE56FAD7F26A}
		{79A1865C-C4B5-4C69-A007-F5F7560F6FB3} = {992E4164-7D34-4532-B4A5-5C98B1C806CE}
		{F5760D17-0D8F-41FA-926C-8FC73571636A} = {992E4164-7D34-4532-B4A5-5C98B1C806CE}
		{CC17DE09-923F-40F1-800F-B267F4A980A1} = {3F9A535C-0513-451F-92D3-58D71E4A8A6A}
		{7E912ABA-B45E-49C5-B3FC-5B22A5401B60} = {992E4164-7D34-4532-B4A5-5C98B1C806CE}
		{4A54B17D-EB70-4BB1-BCE4-33D7083DAC31} = {3F9A535C-0513-451F-92D3-58D71E4A8A6A}
		{884508CC-987E-4CAC-8A66-7A48463D3947} = {3F9A535C-0513-451F-92D3-58D71E4A8A6A}
		{A4DDFD4F-B210-48DE-B323-03C89DC3BFF7} = {992E4164-7D34-4532-B4A5-5C98B1C806CE}
		{D8352878-48DF-4E71-996B-7D5E51199ED4} = {3F9A535C-0513-451F-92D3-58D71E4A8A6A}
		{8E0FD5C8-5DCA-4559-940D-C1C8325A36C6} = {3F9A535C-0513-451F-92D3-58D71E4A8A6A}
		{CA8FFD95-DBF8-47AD-B2A7-EB5329D82BCF} = {3F9A535C-0513-451F-92D3-58D71E4A8A6A}
		{616D50C9-BB95-4953-846F-C1EC1491307E} = {3F9A535C-0513-451F-92D3-58D71E4A8A6A}
		{767CA2F9-93BF-474D-B6BA-E97A03A8DDF9} = {582417C8-BD68-4F34-BAE5-8B67BB9623ED}
		{118E5BFC-B56F-430B-AC70-D7F9AFF6B760} = {582417C8-BD68-4F34-BAE5-8B67BB9623ED}
		{72DD3FC3-494C-429C-A299-11EDBF6FACAF} = {992E4164-7D34-4532-B4A5-5C98B1C806CE}
		{83A9EAC4-9552-47F2-BF62-DBFD1B5A3C4F} = {3F9A535C-0513-451F-92D3-58D71E4A8A6A}
		{F5A0CFAA-C9A5-4BDA-9D65-951FFC9AE2D6} = {3F9A535C-0513-451F-92D3-58D71E4A8A6A}
		{50040FF9-7194-4A95-B673-78F29B8BF4B5} = {3F9A535C-0513-451F-92D3-58D71E4A8A6A}
		{D319FC4B-53A2-4E46-80B0-A405261F19D9} = {3F9A535C-0513-451F-92D3-58D71E4A8A6A}
		{08A65E99-8F1C-48A2-BC81-738314CFBB51} = {3F9A535C-0513-451F-92D3-58D71E4A8A6A}
		{30116409-2E64-4DEF-8CE0-09450A2B3D7B} = {8DB4C9BD-9134-44AB-B8CC-966001379ED6}
		{79F1EA50-52D9-4BDA-9283-249B7040A994} = {3F9A535C-0513-451F-92D3-58D71E4A8A6A}
		{13EA34B1-FDC1-42B8-BE40-4E9878AB3151} = {CA620E65-0AB1-4280-88FE-EE56FAD7F26A}
	EndGlobalSection
	GlobalSection(ExtensibilityGlobals) = postSolution
		SolutionGuid = {A62CC67B-E573-4C00-A549-DBA38AD9F5E1}
	EndGlobalSection
EndGlobal
